
Microsoft Visual Studio Solution File, Format Version 12.00
# Visual Studio 15
VisualStudioVersion = 15.0.27703.2035
MinimumVisualStudioVersion = 10.0.40219.1
Project("{159641D6-6404-4A2A-AE62-294DE0FE8301}") = "SSIS_Control", "SSIS_Control\SSIS_Control.dtproj", "{D91453AC-51C2-42C5-8934-FCAED1BB1378}"
EndProject
Project("{159641D6-6404-4A2A-AE62-294DE0FE8301}") = "SSIS_Datamart", "SSIS_Datamart\SSIS_Datamart.dtproj", "{E9CCD045-B4EF-450E-B059-F706CB8A4175}"
EndProject
Project("{159641D6-6404-4A2A-AE62-294DE0FE8301}") = "SSIS_DWH", "SSIS_DWH\SSIS_DWH.dtproj", "{23C55511-2C75-4733-ADCB-94D899CA0AD3}"
EndProject
Project("{159641D6-6404-4A2A-AE62-294DE0FE8301}") = "SSIS_Staging", "SSIS_Staging\SSIS_Staging.dtproj", "{F7A80C8D-0324-434B-B801-114910E261AA}"
EndProject
Project("{00D1A9C2-B5F0-4AF3-8072-F6C62B433612}") = "Datamart", "Datamart\Datamart.sqlproj", "{A270E3E8-DA54-4894-A59C-50E5A75AB672}"
EndProject
Project("{00D1A9C2-B5F0-4AF3-8072-F6C62B433612}") = "DWH", "DWH\DWH.sqlproj", "{093ABD4E-AB16-4F98-8B6F-5D45CD4AB6BD}"
EndProject
Project("{00D1A9C2-B5F0-4AF3-8072-F6C62B433612}") = "DWH_Control", "DWH_Control\DWH_Control.sqlproj", "{9EED87DD-0496-40B5-B1FC-33AE53AAC231}"
EndProject
Project("{00D1A9C2-B5F0-4AF3-8072-F6C62B433612}") = "Staging", "Staging\Staging.sqlproj", "{63186821-BBA1-4297-86C7-809E20F48F74}"
EndProject
Project("{00D1A9C2-B5F0-4AF3-8072-F6C62B433612}") = "ForeverData01", "ForeverData01\ForeverData01.sqlproj", "{AF4170B1-F978-4D58-B021-BE216F7F85A9}"
EndProject
Project("{159641D6-6404-4A2A-AE62-294DE0FE8301}") = "SSIS_ForeverData", "SSIS_ForeverData\SSIS_ForeverData.dtproj", "{85EF95EA-B3E9-4B9D-A681-6E41DAD12F42}"
EndProject
Project("{159641D6-6404-4A2A-AE62-294DE0FE8301}") = "SSIS_Middleware", "SSIS_Middleware\SSIS_Middleware.dtproj", "{9DB5B633-CC76-4AEA-AE03-B071BA4F34EC}"
EndProject
Project("{159641D6-6404-4A2A-AE62-294DE0FE8301}") = "SSIS_StagingIFS", "SSIS_StagingIFS\SSIS_StagingIFS.dtproj", "{1927C1F2-CD33-44DF-9A67-C39111B0DFD7}"
EndProject
Project("{159641D6-6404-4A2A-AE62-294DE0FE8301}") = "SSIS_Packages", "SSIS_Packages\SSIS_Packages.dtproj", "{5DB02BF3-B3F6-417D-8B0E-50514B1F09F8}"
EndProject
Project("{159641D6-6404-4A2A-AE62-294DE0FE8301}") = "SSIS_DataCleansing", "SSIS_DataCleansing\SSIS_DataCleansing.dtproj", "{34C36D73-E9DE-4D69-962D-D0219DF1E932}"
EndProject
Project("{00D1A9C2-B5F0-4AF3-8072-F6C62B433612}") = "StagingIFS", "StagingIFS\StagingIFS.sqlproj", "{303D986C-B797-46EB-88A6-C7D1965A1E33}"
EndProject
Project("{159641D6-6404-4A2A-AE62-294DE0FE8301}") = "SSIS_Reports", "SSIS_Reports\SSIS_Reports.dtproj", "{DAE4292C-0317-474D-B079-C77E77A54F46}"
EndProject
Project("{00D1A9C2-B5F0-4AF3-8072-F6C62B433612}") = "Reports", "Reports\Reports.sqlproj", "{8128D503-07AB-40A5-9ED3-D5FB9E8CE623}"
EndProject
Project("{9A19103F-16F7-4668-BE54-9A1E7A4F7556}") = "Script_Code", "Script_Code\Script_Code.csproj", "{A63EE00E-289C-4979-BA10-6B12C1986256}"
EndProject
Global
	GlobalSection(SolutionConfigurationPlatforms) = preSolution
		Debug|Any CPU = Debug|Any CPU
		Debug|x64 = Debug|x64
		Debug|x86 = Debug|x86
		Development|Any CPU = Development|Any CPU
		Development|x64 = Development|x64
		Development|x86 = Development|x86
		Release|Any CPU = Release|Any CPU
		Release|x64 = Release|x64
		Release|x86 = Release|x86
	EndGlobalSection
	GlobalSection(ProjectConfigurationPlatforms) = postSolution
		{D91453AC-51C2-42C5-8934-FCAED1BB1378}.Debug|Any CPU.ActiveCfg = Development
		{D91453AC-51C2-42C5-8934-FCAED1BB1378}.Debug|Any CPU.Build.0 = Development
		{D91453AC-51C2-42C5-8934-FCAED1BB1378}.Debug|x64.ActiveCfg = Development
		{D91453AC-51C2-42C5-8934-FCAED1BB1378}.Debug|x64.Build.0 = Development
		{D91453AC-51C2-42C5-8934-FCAED1BB1378}.Debug|x86.ActiveCfg = Development
		{D91453AC-51C2-42C5-8934-FCAED1BB1378}.Debug|x86.Build.0 = Development
		{D91453AC-51C2-42C5-8934-FCAED1BB1378}.Development|Any CPU.ActiveCfg = Development
		{D91453AC-51C2-42C5-8934-FCAED1BB1378}.Development|Any CPU.Build.0 = Development
		{D91453AC-51C2-42C5-8934-FCAED1BB1378}.Development|x64.ActiveCfg = Development
		{D91453AC-51C2-42C5-8934-FCAED1BB1378}.Development|x64.Build.0 = Development
		{D91453AC-51C2-42C5-8934-FCAED1BB1378}.Development|x86.ActiveCfg = Development
		{D91453AC-51C2-42C5-8934-FCAED1BB1378}.Development|x86.Build.0 = Development
		{D91453AC-51C2-42C5-8934-FCAED1BB1378}.Release|Any CPU.ActiveCfg = Development
		{D91453AC-51C2-42C5-8934-FCAED1BB1378}.Release|Any CPU.Build.0 = Development
		{D91453AC-51C2-42C5-8934-FCAED1BB1378}.Release|x64.ActiveCfg = Development
		{D91453AC-51C2-42C5-8934-FCAED1BB1378}.Release|x64.Build.0 = Development
		{D91453AC-51C2-42C5-8934-FCAED1BB1378}.Release|x86.ActiveCfg = Development
		{D91453AC-51C2-42C5-8934-FCAED1BB1378}.Release|x86.Build.0 = Development
		{E9CCD045-B4EF-450E-B059-F706CB8A4175}.Debug|Any CPU.ActiveCfg = Development
		{E9CCD045-B4EF-450E-B059-F706CB8A4175}.Debug|Any CPU.Build.0 = Development
		{E9CCD045-B4EF-450E-B059-F706CB8A4175}.Debug|x64.ActiveCfg = Development
		{E9CCD045-B4EF-450E-B059-F706CB8A4175}.Debug|x64.Build.0 = Development
		{E9CCD045-B4EF-450E-B059-F706CB8A4175}.Debug|x86.ActiveCfg = Development
		{E9CCD045-B4EF-450E-B059-F706CB8A4175}.Debug|x86.Build.0 = Development
		{E9CCD045-B4EF-450E-B059-F706CB8A4175}.Development|Any CPU.ActiveCfg = Development
		{E9CCD045-B4EF-450E-B059-F706CB8A4175}.Development|Any CPU.Build.0 = Development
		{E9CCD045-B4EF-450E-B059-F706CB8A4175}.Development|x64.ActiveCfg = Development
		{E9CCD045-B4EF-450E-B059-F706CB8A4175}.Development|x64.Build.0 = Development
		{E9CCD045-B4EF-450E-B059-F706CB8A4175}.Development|x86.ActiveCfg = Development
		{E9CCD045-B4EF-450E-B059-F706CB8A4175}.Development|x86.Build.0 = Development
		{E9CCD045-B4EF-450E-B059-F706CB8A4175}.Release|Any CPU.ActiveCfg = Development
		{E9CCD045-B4EF-450E-B059-F706CB8A4175}.Release|Any CPU.Build.0 = Development
		{E9CCD045-B4EF-450E-B059-F706CB8A4175}.Release|x64.ActiveCfg = Development
		{E9CCD045-B4EF-450E-B059-F706CB8A4175}.Release|x64.Build.0 = Development
		{E9CCD045-B4EF-450E-B059-F706CB8A4175}.Release|x86.ActiveCfg = Development
		{E9CCD045-B4EF-450E-B059-F706CB8A4175}.Release|x86.Build.0 = Development
		{23C55511-2C75-4733-ADCB-94D899CA0AD3}.Debug|Any CPU.ActiveCfg = Development
		{23C55511-2C75-4733-ADCB-94D899CA0AD3}.Debug|Any CPU.Build.0 = Development
		{23C55511-2C75-4733-ADCB-94D899CA0AD3}.Debug|x64.ActiveCfg = Development
		{23C55511-2C75-4733-ADCB-94D899CA0AD3}.Debug|x64.Build.0 = Development
		{23C55511-2C75-4733-ADCB-94D899CA0AD3}.Debug|x86.ActiveCfg = Development
		{23C55511-2C75-4733-ADCB-94D899CA0AD3}.Debug|x86.Build.0 = Development
		{23C55511-2C75-4733-ADCB-94D899CA0AD3}.Development|Any CPU.ActiveCfg = Development
		{23C55511-2C75-4733-ADCB-94D899CA0AD3}.Development|Any CPU.Build.0 = Development
		{23C55511-2C75-4733-ADCB-94D899CA0AD3}.Development|x64.ActiveCfg = Development
		{23C55511-2C75-4733-ADCB-94D899CA0AD3}.Development|x64.Build.0 = Development
		{23C55511-2C75-4733-ADCB-94D899CA0AD3}.Development|x86.ActiveCfg = Development
		{23C55511-2C75-4733-ADCB-94D899CA0AD3}.Development|x86.Build.0 = Development
		{23C55511-2C75-4733-ADCB-94D899CA0AD3}.Release|Any CPU.ActiveCfg = Development
		{23C55511-2C75-4733-ADCB-94D899CA0AD3}.Release|Any CPU.Build.0 = Development
		{23C55511-2C75-4733-ADCB-94D899CA0AD3}.Release|x64.ActiveCfg = Development
		{23C55511-2C75-4733-ADCB-94D899CA0AD3}.Release|x64.Build.0 = Development
		{23C55511-2C75-4733-ADCB-94D899CA0AD3}.Release|x86.ActiveCfg = Development
		{23C55511-2C75-4733-ADCB-94D899CA0AD3}.Release|x86.Build.0 = Development
		{F7A80C8D-0324-434B-B801-114910E261AA}.Debug|Any CPU.ActiveCfg = Development
		{F7A80C8D-0324-434B-B801-114910E261AA}.Debug|Any CPU.Build.0 = Development
		{F7A80C8D-0324-434B-B801-114910E261AA}.Debug|x64.ActiveCfg = Development
		{F7A80C8D-0324-434B-B801-114910E261AA}.Debug|x64.Build.0 = Development
		{F7A80C8D-0324-434B-B801-114910E261AA}.Debug|x86.ActiveCfg = Development
		{F7A80C8D-0324-434B-B801-114910E261AA}.Debug|x86.Build.0 = Development
		{F7A80C8D-0324-434B-B801-114910E261AA}.Development|Any CPU.ActiveCfg = Development
		{F7A80C8D-0324-434B-B801-114910E261AA}.Development|Any CPU.Build.0 = Development
		{F7A80C8D-0324-434B-B801-114910E261AA}.Development|x64.ActiveCfg = Development
		{F7A80C8D-0324-434B-B801-114910E261AA}.Development|x64.Build.0 = Development
		{F7A80C8D-0324-434B-B801-114910E261AA}.Development|x86.ActiveCfg = Development
		{F7A80C8D-0324-434B-B801-114910E261AA}.Development|x86.Build.0 = Development
		{F7A80C8D-0324-434B-B801-114910E261AA}.Release|Any CPU.ActiveCfg = Development
		{F7A80C8D-0324-434B-B801-114910E261AA}.Release|Any CPU.Build.0 = Development
		{F7A80C8D-0324-434B-B801-114910E261AA}.Release|x64.ActiveCfg = Development
		{F7A80C8D-0324-434B-B801-114910E261AA}.Release|x64.Build.0 = Development
		{F7A80C8D-0324-434B-B801-114910E261AA}.Release|x86.ActiveCfg = Development
		{F7A80C8D-0324-434B-B801-114910E261AA}.Release|x86.Build.0 = Development
		{A270E3E8-DA54-4894-A59C-50E5A75AB672}.Debug|Any CPU.ActiveCfg = Debug|Any CPU
		{A270E3E8-DA54-4894-A59C-50E5A75AB672}.Debug|Any CPU.Build.0 = Debug|Any CPU
		{A270E3E8-DA54-4894-A59C-50E5A75AB672}.Debug|Any CPU.Deploy.0 = Debug|Any CPU
		{A270E3E8-DA54-4894-A59C-50E5A75AB672}.Debug|x64.ActiveCfg = Debug|Any CPU
		{A270E3E8-DA54-4894-A59C-50E5A75AB672}.Debug|x64.Build.0 = Debug|Any CPU
		{A270E3E8-DA54-4894-A59C-50E5A75AB672}.Debug|x64.Deploy.0 = Debug|Any CPU
		{A270E3E8-DA54-4894-A59C-50E5A75AB672}.Debug|x86.ActiveCfg = Debug|Any CPU
		{A270E3E8-DA54-4894-A59C-50E5A75AB672}.Debug|x86.Build.0 = Debug|Any CPU
		{A270E3E8-DA54-4894-A59C-50E5A75AB672}.Debug|x86.Deploy.0 = Debug|Any CPU
		{A270E3E8-DA54-4894-A59C-50E5A75AB672}.Development|Any CPU.ActiveCfg = Debug|Any CPU
		{A270E3E8-DA54-4894-A59C-50E5A75AB672}.Development|Any CPU.Build.0 = Debug|Any CPU
		{A270E3E8-DA54-4894-A59C-50E5A75AB672}.Development|Any CPU.Deploy.0 = Debug|Any CPU
		{A270E3E8-DA54-4894-A59C-50E5A75AB672}.Development|x64.ActiveCfg = Debug|Any CPU
		{A270E3E8-DA54-4894-A59C-50E5A75AB672}.Development|x64.Build.0 = Debug|Any CPU
		{A270E3E8-DA54-4894-A59C-50E5A75AB672}.Development|x64.Deploy.0 = Debug|Any CPU
		{A270E3E8-DA54-4894-A59C-50E5A75AB672}.Development|x86.ActiveCfg = Debug|Any CPU
		{A270E3E8-DA54-4894-A59C-50E5A75AB672}.Development|x86.Build.0 = Debug|Any CPU
		{A270E3E8-DA54-4894-A59C-50E5A75AB672}.Development|x86.Deploy.0 = Debug|Any CPU
		{A270E3E8-DA54-4894-A59C-50E5A75AB672}.Release|Any CPU.ActiveCfg = Release|Any CPU
		{A270E3E8-DA54-4894-A59C-50E5A75AB672}.Release|Any CPU.Build.0 = Release|Any CPU
		{A270E3E8-DA54-4894-A59C-50E5A75AB672}.Release|Any CPU.Deploy.0 = Release|Any CPU
		{A270E3E8-DA54-4894-A59C-50E5A75AB672}.Release|x64.ActiveCfg = Release|Any CPU
		{A270E3E8-DA54-4894-A59C-50E5A75AB672}.Release|x64.Build.0 = Release|Any CPU
		{A270E3E8-DA54-4894-A59C-50E5A75AB672}.Release|x64.Deploy.0 = Release|Any CPU
		{A270E3E8-DA54-4894-A59C-50E5A75AB672}.Release|x86.ActiveCfg = Release|Any CPU
		{A270E3E8-DA54-4894-A59C-50E5A75AB672}.Release|x86.Build.0 = Release|Any CPU
		{A270E3E8-DA54-4894-A59C-50E5A75AB672}.Release|x86.Deploy.0 = Release|Any CPU
		{093ABD4E-AB16-4F98-8B6F-5D45CD4AB6BD}.Debug|Any CPU.ActiveCfg = Debug|Any CPU
		{093ABD4E-AB16-4F98-8B6F-5D45CD4AB6BD}.Debug|Any CPU.Build.0 = Debug|Any CPU
		{093ABD4E-AB16-4F98-8B6F-5D45CD4AB6BD}.Debug|Any CPU.Deploy.0 = Debug|Any CPU
		{093ABD4E-AB16-4F98-8B6F-5D45CD4AB6BD}.Debug|x64.ActiveCfg = Debug|Any CPU
		{093ABD4E-AB16-4F98-8B6F-5D45CD4AB6BD}.Debug|x64.Build.0 = Debug|Any CPU
		{093ABD4E-AB16-4F98-8B6F-5D45CD4AB6BD}.Debug|x64.Deploy.0 = Debug|Any CPU
		{093ABD4E-AB16-4F98-8B6F-5D45CD4AB6BD}.Debug|x86.ActiveCfg = Debug|Any CPU
		{093ABD4E-AB16-4F98-8B6F-5D45CD4AB6BD}.Debug|x86.Build.0 = Debug|Any CPU
		{093ABD4E-AB16-4F98-8B6F-5D45CD4AB6BD}.Debug|x86.Deploy.0 = Debug|Any CPU
		{093ABD4E-AB16-4F98-8B6F-5D45CD4AB6BD}.Development|Any CPU.ActiveCfg = Debug|Any CPU
		{093ABD4E-AB16-4F98-8B6F-5D45CD4AB6BD}.Development|Any CPU.Build.0 = Debug|Any CPU
		{093ABD4E-AB16-4F98-8B6F-5D45CD4AB6BD}.Development|Any CPU.Deploy.0 = Debug|Any CPU
		{093ABD4E-AB16-4F98-8B6F-5D45CD4AB6BD}.Development|x64.ActiveCfg = Debug|Any CPU
		{093ABD4E-AB16-4F98-8B6F-5D45CD4AB6BD}.Development|x64.Build.0 = Debug|Any CPU
		{093ABD4E-AB16-4F98-8B6F-5D45CD4AB6BD}.Development|x64.Deploy.0 = Debug|Any CPU
		{093ABD4E-AB16-4F98-8B6F-5D45CD4AB6BD}.Development|x86.ActiveCfg = Debug|Any CPU
		{093ABD4E-AB16-4F98-8B6F-5D45CD4AB6BD}.Development|x86.Build.0 = Debug|Any CPU
		{093ABD4E-AB16-4F98-8B6F-5D45CD4AB6BD}.Development|x86.Deploy.0 = Debug|Any CPU
		{093ABD4E-AB16-4F98-8B6F-5D45CD4AB6BD}.Release|Any CPU.ActiveCfg = Release|Any CPU
		{093ABD4E-AB16-4F98-8B6F-5D45CD4AB6BD}.Release|Any CPU.Build.0 = Release|Any CPU
		{093ABD4E-AB16-4F98-8B6F-5D45CD4AB6BD}.Release|Any CPU.Deploy.0 = Release|Any CPU
		{093ABD4E-AB16-4F98-8B6F-5D45CD4AB6BD}.Release|x64.ActiveCfg = Release|Any CPU
		{093ABD4E-AB16-4F98-8B6F-5D45CD4AB6BD}.Release|x64.Build.0 = Release|Any CPU
		{093ABD4E-AB16-4F98-8B6F-5D45CD4AB6BD}.Release|x64.Deploy.0 = Release|Any CPU
		{093ABD4E-AB16-4F98-8B6F-5D45CD4AB6BD}.Release|x86.ActiveCfg = Release|Any CPU
		{093ABD4E-AB16-4F98-8B6F-5D45CD4AB6BD}.Release|x86.Build.0 = Release|Any CPU
		{093ABD4E-AB16-4F98-8B6F-5D45CD4AB6BD}.Release|x86.Deploy.0 = Release|Any CPU
		{9EED87DD-0496-40B5-B1FC-33AE53AAC231}.Debug|Any CPU.ActiveCfg = Debug|Any CPU
		{9EED87DD-0496-40B5-B1FC-33AE53AAC231}.Debug|Any CPU.Build.0 = Debug|Any CPU
		{9EED87DD-0496-40B5-B1FC-33AE53AAC231}.Debug|Any CPU.Deploy.0 = Debug|Any CPU
		{9EED87DD-0496-40B5-B1FC-33AE53AAC231}.Debug|x64.ActiveCfg = Debug|Any CPU
		{9EED87DD-0496-40B5-B1FC-33AE53AAC231}.Debug|x64.Build.0 = Debug|Any CPU
		{9EED87DD-0496-40B5-B1FC-33AE53AAC231}.Debug|x64.Deploy.0 = Debug|Any CPU
		{9EED87DD-0496-40B5-B1FC-33AE53AAC231}.Debug|x86.ActiveCfg = Debug|Any CPU
		{9EED87DD-0496-40B5-B1FC-33AE53AAC231}.Debug|x86.Build.0 = Debug|Any CPU
		{9EED87DD-0496-40B5-B1FC-33AE53AAC231}.Debug|x86.Deploy.0 = Debug|Any CPU
		{9EED87DD-0496-40B5-B1FC-33AE53AAC231}.Development|Any CPU.ActiveCfg = Debug|Any CPU
		{9EED87DD-0496-40B5-B1FC-33AE53AAC231}.Development|Any CPU.Build.0 = Debug|Any CPU
		{9EED87DD-0496-40B5-B1FC-33AE53AAC231}.Development|Any CPU.Deploy.0 = Debug|Any CPU
		{9EED87DD-0496-40B5-B1FC-33AE53AAC231}.Development|x64.ActiveCfg = Debug|Any CPU
		{9EED87DD-0496-40B5-B1FC-33AE53AAC231}.Development|x64.Build.0 = Debug|Any CPU
		{9EED87DD-0496-40B5-B1FC-33AE53AAC231}.Development|x64.Deploy.0 = Debug|Any CPU
		{9EED87DD-0496-40B5-B1FC-33AE53AAC231}.Development|x86.ActiveCfg = Debug|Any CPU
		{9EED87DD-0496-40B5-B1FC-33AE53AAC231}.Development|x86.Build.0 = Debug|Any CPU
		{9EED87DD-0496-40B5-B1FC-33AE53AAC231}.Development|x86.Deploy.0 = Debug|Any CPU
		{9EED87DD-0496-40B5-B1FC-33AE53AAC231}.Release|Any CPU.ActiveCfg = Release|Any CPU
		{9EED87DD-0496-40B5-B1FC-33AE53AAC231}.Release|Any CPU.Build.0 = Release|Any CPU
		{9EED87DD-0496-40B5-B1FC-33AE53AAC231}.Release|Any CPU.Deploy.0 = Release|Any CPU
		{9EED87DD-0496-40B5-B1FC-33AE53AAC231}.Release|x64.ActiveCfg = Release|Any CPU
		{9EED87DD-0496-40B5-B1FC-33AE53AAC231}.Release|x64.Build.0 = Release|Any CPU
		{9EED87DD-0496-40B5-B1FC-33AE53AAC231}.Release|x64.Deploy.0 = Release|Any CPU
		{9EED87DD-0496-40B5-B1FC-33AE53AAC231}.Release|x86.ActiveCfg = Release|Any CPU
		{9EED87DD-0496-40B5-B1FC-33AE53AAC231}.Release|x86.Build.0 = Release|Any CPU
		{9EED87DD-0496-40B5-B1FC-33AE53AAC231}.Release|x86.Deploy.0 = Release|Any CPU
		{63186821-BBA1-4297-86C7-809E20F48F74}.Debug|Any CPU.ActiveCfg = Debug|Any CPU
		{63186821-BBA1-4297-86C7-809E20F48F74}.Debug|Any CPU.Build.0 = Debug|Any CPU
		{63186821-BBA1-4297-86C7-809E20F48F74}.Debug|Any CPU.Deploy.0 = Debug|Any CPU
		{63186821-BBA1-4297-86C7-809E20F48F74}.Debug|x64.ActiveCfg = Debug|Any CPU
		{63186821-BBA1-4297-86C7-809E20F48F74}.Debug|x64.Build.0 = Debug|Any CPU
		{63186821-BBA1-4297-86C7-809E20F48F74}.Debug|x64.Deploy.0 = Debug|Any CPU
		{63186821-BBA1-4297-86C7-809E20F48F74}.Debug|x86.ActiveCfg = Debug|Any CPU
		{63186821-BBA1-4297-86C7-809E20F48F74}.Debug|x86.Build.0 = Debug|Any CPU
		{63186821-BBA1-4297-86C7-809E20F48F74}.Debug|x86.Deploy.0 = Debug|Any CPU
		{63186821-BBA1-4297-86C7-809E20F48F74}.Development|Any CPU.ActiveCfg = Debug|Any CPU
		{63186821-BBA1-4297-86C7-809E20F48F74}.Development|Any CPU.Build.0 = Debug|Any CPU
		{63186821-BBA1-4297-86C7-809E20F48F74}.Development|Any CPU.Deploy.0 = Debug|Any CPU
		{63186821-BBA1-4297-86C7-809E20F48F74}.Development|x64.ActiveCfg = Debug|Any CPU
		{63186821-BBA1-4297-86C7-809E20F48F74}.Development|x64.Build.0 = Debug|Any CPU
		{63186821-BBA1-4297-86C7-809E20F48F74}.Development|x64.Deploy.0 = Debug|Any CPU
		{63186821-BBA1-4297-86C7-809E20F48F74}.Development|x86.ActiveCfg = Debug|Any CPU
		{63186821-BBA1-4297-86C7-809E20F48F74}.Development|x86.Build.0 = Debug|Any CPU
		{63186821-BBA1-4297-86C7-809E20F48F74}.Development|x86.Deploy.0 = Debug|Any CPU
		{63186821-BBA1-4297-86C7-809E20F48F74}.Release|Any CPU.ActiveCfg = Release|Any CPU
		{63186821-BBA1-4297-86C7-809E20F48F74}.Release|Any CPU.Build.0 = Release|Any CPU
		{63186821-BBA1-4297-86C7-809E20F48F74}.Release|Any CPU.Deploy.0 = Release|Any CPU
		{63186821-BBA1-4297-86C7-809E20F48F74}.Release|x64.ActiveCfg = Release|Any CPU
		{63186821-BBA1-4297-86C7-809E20F48F74}.Release|x64.Build.0 = Release|Any CPU
		{63186821-BBA1-4297-86C7-809E20F48F74}.Release|x64.Deploy.0 = Release|Any CPU
		{63186821-BBA1-4297-86C7-809E20F48F74}.Release|x86.ActiveCfg = Release|Any CPU
		{63186821-BBA1-4297-86C7-809E20F48F74}.Release|x86.Build.0 = Release|Any CPU
		{63186821-BBA1-4297-86C7-809E20F48F74}.Release|x86.Deploy.0 = Release|Any CPU
		{AF4170B1-F978-4D58-B021-BE216F7F85A9}.Debug|Any CPU.ActiveCfg = Debug|Any CPU
		{AF4170B1-F978-4D58-B021-BE216F7F85A9}.Debug|Any CPU.Build.0 = Debug|Any CPU
		{AF4170B1-F978-4D58-B021-BE216F7F85A9}.Debug|Any CPU.Deploy.0 = Debug|Any CPU
		{AF4170B1-F978-4D58-B021-BE216F7F85A9}.Debug|x64.ActiveCfg = Debug|Any CPU
		{AF4170B1-F978-4D58-B021-BE216F7F85A9}.Debug|x64.Build.0 = Debug|Any CPU
		{AF4170B1-F978-4D58-B021-BE216F7F85A9}.Debug|x64.Deploy.0 = Debug|Any CPU
		{AF4170B1-F978-4D58-B021-BE216F7F85A9}.Debug|x86.ActiveCfg = Debug|Any CPU
		{AF4170B1-F978-4D58-B021-BE216F7F85A9}.Debug|x86.Build.0 = Debug|Any CPU
		{AF4170B1-F978-4D58-B021-BE216F7F85A9}.Debug|x86.Deploy.0 = Debug|Any CPU
		{AF4170B1-F978-4D58-B021-BE216F7F85A9}.Development|Any CPU.ActiveCfg = Debug|Any CPU
		{AF4170B1-F978-4D58-B021-BE216F7F85A9}.Development|Any CPU.Build.0 = Debug|Any CPU
		{AF4170B1-F978-4D58-B021-BE216F7F85A9}.Development|Any CPU.Deploy.0 = Debug|Any CPU
		{AF4170B1-F978-4D58-B021-BE216F7F85A9}.Development|x64.ActiveCfg = Debug|Any CPU
		{AF4170B1-F978-4D58-B021-BE216F7F85A9}.Development|x64.Build.0 = Debug|Any CPU
		{AF4170B1-F978-4D58-B021-BE216F7F85A9}.Development|x64.Deploy.0 = Debug|Any CPU
		{AF4170B1-F978-4D58-B021-BE216F7F85A9}.Development|x86.ActiveCfg = Debug|Any CPU
		{AF4170B1-F978-4D58-B021-BE216F7F85A9}.Development|x86.Build.0 = Debug|Any CPU
		{AF4170B1-F978-4D58-B021-BE216F7F85A9}.Development|x86.Deploy.0 = Debug|Any CPU
		{AF4170B1-F978-4D58-B021-BE216F7F85A9}.Release|Any CPU.ActiveCfg = Release|Any CPU
		{AF4170B1-F978-4D58-B021-BE216F7F85A9}.Release|Any CPU.Build.0 = Release|Any CPU
		{AF4170B1-F978-4D58-B021-BE216F7F85A9}.Release|Any CPU.Deploy.0 = Release|Any CPU
		{AF4170B1-F978-4D58-B021-BE216F7F85A9}.Release|x64.ActiveCfg = Release|Any CPU
		{AF4170B1-F978-4D58-B021-BE216F7F85A9}.Release|x64.Build.0 = Release|Any CPU
		{AF4170B1-F978-4D58-B021-BE216F7F85A9}.Release|x64.Deploy.0 = Release|Any CPU
		{AF4170B1-F978-4D58-B021-BE216F7F85A9}.Release|x86.ActiveCfg = Release|Any CPU
		{AF4170B1-F978-4D58-B021-BE216F7F85A9}.Release|x86.Build.0 = Release|Any CPU
		{AF4170B1-F978-4D58-B021-BE216F7F85A9}.Release|x86.Deploy.0 = Release|Any CPU
		{85EF95EA-B3E9-4B9D-A681-6E41DAD12F42}.Debug|Any CPU.ActiveCfg = Development
		{85EF95EA-B3E9-4B9D-A681-6E41DAD12F42}.Debug|Any CPU.Build.0 = Development
		{85EF95EA-B3E9-4B9D-A681-6E41DAD12F42}.Debug|x64.ActiveCfg = Development
		{85EF95EA-B3E9-4B9D-A681-6E41DAD12F42}.Debug|x64.Build.0 = Development
		{85EF95EA-B3E9-4B9D-A681-6E41DAD12F42}.Debug|x86.ActiveCfg = Development
		{85EF95EA-B3E9-4B9D-A681-6E41DAD12F42}.Debug|x86.Build.0 = Development
		{85EF95EA-B3E9-4B9D-A681-6E41DAD12F42}.Development|Any CPU.ActiveCfg = Development
		{85EF95EA-B3E9-4B9D-A681-6E41DAD12F42}.Development|Any CPU.Build.0 = Development
		{85EF95EA-B3E9-4B9D-A681-6E41DAD12F42}.Development|x64.ActiveCfg = Development
		{85EF95EA-B3E9-4B9D-A681-6E41DAD12F42}.Development|x64.Build.0 = Development
		{85EF95EA-B3E9-4B9D-A681-6E41DAD12F42}.Development|x86.ActiveCfg = Development
		{85EF95EA-B3E9-4B9D-A681-6E41DAD12F42}.Development|x86.Build.0 = Development
		{85EF95EA-B3E9-4B9D-A681-6E41DAD12F42}.Release|Any CPU.ActiveCfg = Development
		{85EF95EA-B3E9-4B9D-A681-6E41DAD12F42}.Release|Any CPU.Build.0 = Development
		{85EF95EA-B3E9-4B9D-A681-6E41DAD12F42}.Release|x64.ActiveCfg = Development
		{85EF95EA-B3E9-4B9D-A681-6E41DAD12F42}.Release|x64.Build.0 = Development
		{85EF95EA-B3E9-4B9D-A681-6E41DAD12F42}.Release|x86.ActiveCfg = Development
		{85EF95EA-B3E9-4B9D-A681-6E41DAD12F42}.Release|x86.Build.0 = Development
		{9DB5B633-CC76-4AEA-AE03-B071BA4F34EC}.Debug|Any CPU.ActiveCfg = Development
		{9DB5B633-CC76-4AEA-AE03-B071BA4F34EC}.Debug|Any CPU.Build.0 = Development
		{9DB5B633-CC76-4AEA-AE03-B071BA4F34EC}.Debug|x64.ActiveCfg = Development
		{9DB5B633-CC76-4AEA-AE03-B071BA4F34EC}.Debug|x64.Build.0 = Development
		{9DB5B633-CC76-4AEA-AE03-B071BA4F34EC}.Debug|x86.ActiveCfg = Development
		{9DB5B633-CC76-4AEA-AE03-B071BA4F34EC}.Debug|x86.Build.0 = Development
		{9DB5B633-CC76-4AEA-AE03-B071BA4F34EC}.Development|Any CPU.ActiveCfg = Development
		{9DB5B633-CC76-4AEA-AE03-B071BA4F34EC}.Development|Any CPU.Build.0 = Development
		{9DB5B633-CC76-4AEA-AE03-B071BA4F34EC}.Development|x64.ActiveCfg = Development
		{9DB5B633-CC76-4AEA-AE03-B071BA4F34EC}.Development|x64.Build.0 = Development
		{9DB5B633-CC76-4AEA-AE03-B071BA4F34EC}.Development|x86.ActiveCfg = Development
		{9DB5B633-CC76-4AEA-AE03-B071BA4F34EC}.Development|x86.Build.0 = Development
		{9DB5B633-CC76-4AEA-AE03-B071BA4F34EC}.Release|Any CPU.ActiveCfg = Development
		{9DB5B633-CC76-4AEA-AE03-B071BA4F34EC}.Release|Any CPU.Build.0 = Development
		{9DB5B633-CC76-4AEA-AE03-B071BA4F34EC}.Release|x64.ActiveCfg = Development
		{9DB5B633-CC76-4AEA-AE03-B071BA4F34EC}.Release|x64.Build.0 = Development
		{9DB5B633-CC76-4AEA-AE03-B071BA4F34EC}.Release|x86.ActiveCfg = Development
		{9DB5B633-CC76-4AEA-AE03-B071BA4F34EC}.Release|x86.Build.0 = Development
		{1927C1F2-CD33-44DF-9A67-C39111B0DFD7}.Debug|Any CPU.ActiveCfg = Development
		{1927C1F2-CD33-44DF-9A67-C39111B0DFD7}.Debug|Any CPU.Build.0 = Development
		{1927C1F2-CD33-44DF-9A67-C39111B0DFD7}.Debug|x64.ActiveCfg = Development
		{1927C1F2-CD33-44DF-9A67-C39111B0DFD7}.Debug|x64.Build.0 = Development
		{1927C1F2-CD33-44DF-9A67-C39111B0DFD7}.Debug|x86.ActiveCfg = Development
		{1927C1F2-CD33-44DF-9A67-C39111B0DFD7}.Debug|x86.Build.0 = Development
		{1927C1F2-CD33-44DF-9A67-C39111B0DFD7}.Development|Any CPU.ActiveCfg = Development
		{1927C1F2-CD33-44DF-9A67-C39111B0DFD7}.Development|Any CPU.Build.0 = Development
		{1927C1F2-CD33-44DF-9A67-C39111B0DFD7}.Development|x64.ActiveCfg = Development
		{1927C1F2-CD33-44DF-9A67-C39111B0DFD7}.Development|x64.Build.0 = Development
		{1927C1F2-CD33-44DF-9A67-C39111B0DFD7}.Development|x86.ActiveCfg = Development
		{1927C1F2-CD33-44DF-9A67-C39111B0DFD7}.Development|x86.Build.0 = Development
		{1927C1F2-CD33-44DF-9A67-C39111B0DFD7}.Release|Any CPU.ActiveCfg = Development
		{1927C1F2-CD33-44DF-9A67-C39111B0DFD7}.Release|Any CPU.Build.0 = Development
		{1927C1F2-CD33-44DF-9A67-C39111B0DFD7}.Release|x64.ActiveCfg = Development
		{1927C1F2-CD33-44DF-9A67-C39111B0DFD7}.Release|x64.Build.0 = Development
		{1927C1F2-CD33-44DF-9A67-C39111B0DFD7}.Release|x86.ActiveCfg = Development
		{1927C1F2-CD33-44DF-9A67-C39111B0DFD7}.Release|x86.Build.0 = Development
		{5DB02BF3-B3F6-417D-8B0E-50514B1F09F8}.Debug|Any CPU.ActiveCfg = Development
		{5DB02BF3-B3F6-417D-8B0E-50514B1F09F8}.Debug|Any CPU.Build.0 = Development
		{5DB02BF3-B3F6-417D-8B0E-50514B1F09F8}.Debug|x64.ActiveCfg = Development
		{5DB02BF3-B3F6-417D-8B0E-50514B1F09F8}.Debug|x64.Build.0 = Development
		{5DB02BF3-B3F6-417D-8B0E-50514B1F09F8}.Debug|x86.ActiveCfg = Development
		{5DB02BF3-B3F6-417D-8B0E-50514B1F09F8}.Debug|x86.Build.0 = Development
		{5DB02BF3-B3F6-417D-8B0E-50514B1F09F8}.Development|Any CPU.ActiveCfg = Development
		{5DB02BF3-B3F6-417D-8B0E-50514B1F09F8}.Development|Any CPU.Build.0 = Development
		{5DB02BF3-B3F6-417D-8B0E-50514B1F09F8}.Development|x64.ActiveCfg = Development
		{5DB02BF3-B3F6-417D-8B0E-50514B1F09F8}.Development|x64.Build.0 = Development
		{5DB02BF3-B3F6-417D-8B0E-50514B1F09F8}.Development|x86.ActiveCfg = Development
		{5DB02BF3-B3F6-417D-8B0E-50514B1F09F8}.Development|x86.Build.0 = Development
		{5DB02BF3-B3F6-417D-8B0E-50514B1F09F8}.Release|Any CPU.ActiveCfg = Development
		{5DB02BF3-B3F6-417D-8B0E-50514B1F09F8}.Release|Any CPU.Build.0 = Development
		{5DB02BF3-B3F6-417D-8B0E-50514B1F09F8}.Release|x64.ActiveCfg = Development
		{5DB02BF3-B3F6-417D-8B0E-50514B1F09F8}.Release|x64.Build.0 = Development
		{5DB02BF3-B3F6-417D-8B0E-50514B1F09F8}.Release|x86.ActiveCfg = Development
		{5DB02BF3-B3F6-417D-8B0E-50514B1F09F8}.Release|x86.Build.0 = Development
		{34C36D73-E9DE-4D69-962D-D0219DF1E932}.Debug|Any CPU.ActiveCfg = Development
		{34C36D73-E9DE-4D69-962D-D0219DF1E932}.Debug|Any CPU.Build.0 = Development
		{34C36D73-E9DE-4D69-962D-D0219DF1E932}.Debug|x64.ActiveCfg = Development
		{34C36D73-E9DE-4D69-962D-D0219DF1E932}.Debug|x64.Build.0 = Development
		{34C36D73-E9DE-4D69-962D-D0219DF1E932}.Debug|x86.ActiveCfg = Development
		{34C36D73-E9DE-4D69-962D-D0219DF1E932}.Debug|x86.Build.0 = Development
		{34C36D73-E9DE-4D69-962D-D0219DF1E932}.Development|Any CPU.ActiveCfg = Development
		{34C36D73-E9DE-4D69-962D-D0219DF1E932}.Development|Any CPU.Build.0 = Development
		{34C36D73-E9DE-4D69-962D-D0219DF1E932}.Development|x64.ActiveCfg = Development
		{34C36D73-E9DE-4D69-962D-D0219DF1E932}.Development|x64.Build.0 = Development
		{34C36D73-E9DE-4D69-962D-D0219DF1E932}.Development|x86.ActiveCfg = Development
		{34C36D73-E9DE-4D69-962D-D0219DF1E932}.Development|x86.Build.0 = Development
		{34C36D73-E9DE-4D69-962D-D0219DF1E932}.Release|Any CPU.ActiveCfg = Development
		{34C36D73-E9DE-4D69-962D-D0219DF1E932}.Release|Any CPU.Build.0 = Development
		{34C36D73-E9DE-4D69-962D-D0219DF1E932}.Release|x64.ActiveCfg = Development
		{34C36D73-E9DE-4D69-962D-D0219DF1E932}.Release|x64.Build.0 = Development
		{34C36D73-E9DE-4D69-962D-D0219DF1E932}.Release|x86.ActiveCfg = Development
		{34C36D73-E9DE-4D69-962D-D0219DF1E932}.Release|x86.Build.0 = Development
		{303D986C-B797-46EB-88A6-C7D1965A1E33}.Debug|Any CPU.ActiveCfg = Debug|Any CPU
		{303D986C-B797-46EB-88A6-C7D1965A1E33}.Debug|Any CPU.Build.0 = Debug|Any CPU
		{303D986C-B797-46EB-88A6-C7D1965A1E33}.Debug|Any CPU.Deploy.0 = Debug|Any CPU
		{303D986C-B797-46EB-88A6-C7D1965A1E33}.Debug|x64.ActiveCfg = Debug|Any CPU
		{303D986C-B797-46EB-88A6-C7D1965A1E33}.Debug|x64.Build.0 = Debug|Any CPU
		{303D986C-B797-46EB-88A6-C7D1965A1E33}.Debug|x64.Deploy.0 = Debug|Any CPU
		{303D986C-B797-46EB-88A6-C7D1965A1E33}.Debug|x86.ActiveCfg = Debug|Any CPU
		{303D986C-B797-46EB-88A6-C7D1965A1E33}.Debug|x86.Build.0 = Debug|Any CPU
		{303D986C-B797-46EB-88A6-C7D1965A1E33}.Debug|x86.Deploy.0 = Debug|Any CPU
		{303D986C-B797-46EB-88A6-C7D1965A1E33}.Development|Any CPU.ActiveCfg = Debug|Any CPU
		{303D986C-B797-46EB-88A6-C7D1965A1E33}.Development|Any CPU.Build.0 = Debug|Any CPU
		{303D986C-B797-46EB-88A6-C7D1965A1E33}.Development|Any CPU.Deploy.0 = Debug|Any CPU
		{303D986C-B797-46EB-88A6-C7D1965A1E33}.Development|x64.ActiveCfg = Debug|Any CPU
		{303D986C-B797-46EB-88A6-C7D1965A1E33}.Development|x64.Build.0 = Debug|Any CPU
		{303D986C-B797-46EB-88A6-C7D1965A1E33}.Development|x64.Deploy.0 = Debug|Any CPU
		{303D986C-B797-46EB-88A6-C7D1965A1E33}.Development|x86.ActiveCfg = Debug|Any CPU
		{303D986C-B797-46EB-88A6-C7D1965A1E33}.Development|x86.Build.0 = Debug|Any CPU
		{303D986C-B797-46EB-88A6-C7D1965A1E33}.Development|x86.Deploy.0 = Debug|Any CPU
		{303D986C-B797-46EB-88A6-C7D1965A1E33}.Release|Any CPU.ActiveCfg = Release|Any CPU
		{303D986C-B797-46EB-88A6-C7D1965A1E33}.Release|Any CPU.Build.0 = Release|Any CPU
		{303D986C-B797-46EB-88A6-C7D1965A1E33}.Release|Any CPU.Deploy.0 = Release|Any CPU
		{303D986C-B797-46EB-88A6-C7D1965A1E33}.Release|x64.ActiveCfg = Release|Any CPU
		{303D986C-B797-46EB-88A6-C7D1965A1E33}.Release|x64.Build.0 = Release|Any CPU
		{303D986C-B797-46EB-88A6-C7D1965A1E33}.Release|x64.Deploy.0 = Release|Any CPU
		{303D986C-B797-46EB-88A6-C7D1965A1E33}.Release|x86.ActiveCfg = Release|Any CPU
		{303D986C-B797-46EB-88A6-C7D1965A1E33}.Release|x86.Build.0 = Release|Any CPU
		{303D986C-B797-46EB-88A6-C7D1965A1E33}.Release|x86.Deploy.0 = Release|Any CPU
		{DAE4292C-0317-474D-B079-C77E77A54F46}.Debug|Any CPU.ActiveCfg = Development
		{DAE4292C-0317-474D-B079-C77E77A54F46}.Debug|Any CPU.Build.0 = Development
		{DAE4292C-0317-474D-B079-C77E77A54F46}.Debug|x64.ActiveCfg = Development
		{DAE4292C-0317-474D-B079-C77E77A54F46}.Debug|x64.Build.0 = Development
		{DAE4292C-0317-474D-B079-C77E77A54F46}.Debug|x86.ActiveCfg = Development
		{DAE4292C-0317-474D-B079-C77E77A54F46}.Debug|x86.Build.0 = Development
		{DAE4292C-0317-474D-B079-C77E77A54F46}.Development|Any CPU.ActiveCfg = Development
		{DAE4292C-0317-474D-B079-C77E77A54F46}.Development|Any CPU.Build.0 = Development
		{DAE4292C-0317-474D-B079-C77E77A54F46}.Development|x64.ActiveCfg = Development
		{DAE4292C-0317-474D-B079-C77E77A54F46}.Development|x64.Build.0 = Development
		{DAE4292C-0317-474D-B079-C77E77A54F46}.Development|x86.ActiveCfg = Development
		{DAE4292C-0317-474D-B079-C77E77A54F46}.Development|x86.Build.0 = Development
		{DAE4292C-0317-474D-B079-C77E77A54F46}.Release|Any CPU.ActiveCfg = Development
		{DAE4292C-0317-474D-B079-C77E77A54F46}.Release|Any CPU.Build.0 = Development
		{DAE4292C-0317-474D-B079-C77E77A54F46}.Release|x64.ActiveCfg = Development
		{DAE4292C-0317-474D-B079-C77E77A54F46}.Release|x64.Build.0 = Development
		{DAE4292C-0317-474D-B079-C77E77A54F46}.Release|x86.ActiveCfg = Development
		{DAE4292C-0317-474D-B079-C77E77A54F46}.Release|x86.Build.0 = Development
		{8128D503-07AB-40A5-9ED3-D5FB9E8CE623}.Debug|Any CPU.ActiveCfg = Debug|Any CPU
		{8128D503-07AB-40A5-9ED3-D5FB9E8CE623}.Debug|Any CPU.Build.0 = Debug|Any CPU
		{8128D503-07AB-40A5-9ED3-D5FB9E8CE623}.Debug|Any CPU.Deploy.0 = Debug|Any CPU
		{8128D503-07AB-40A5-9ED3-D5FB9E8CE623}.Debug|x64.ActiveCfg = Debug|Any CPU
		{8128D503-07AB-40A5-9ED3-D5FB9E8CE623}.Debug|x64.Build.0 = Debug|Any CPU
		{8128D503-07AB-40A5-9ED3-D5FB9E8CE623}.Debug|x64.Deploy.0 = Debug|Any CPU
		{8128D503-07AB-40A5-9ED3-D5FB9E8CE623}.Debug|x86.ActiveCfg = Debug|Any CPU
		{8128D503-07AB-40A5-9ED3-D5FB9E8CE623}.Debug|x86.Build.0 = Debug|Any CPU
		{8128D503-07AB-40A5-9ED3-D5FB9E8CE623}.Debug|x86.Deploy.0 = Debug|Any CPU
		{8128D503-07AB-40A5-9ED3-D5FB9E8CE623}.Development|Any CPU.ActiveCfg = Debug|Any CPU
		{8128D503-07AB-40A5-9ED3-D5FB9E8CE623}.Development|Any CPU.Build.0 = Debug|Any CPU
		{8128D503-07AB-40A5-9ED3-D5FB9E8CE623}.Development|Any CPU.Deploy.0 = Debug|Any CPU
		{8128D503-07AB-40A5-9ED3-D5FB9E8CE623}.Development|x64.ActiveCfg = Debug|Any CPU
		{8128D503-07AB-40A5-9ED3-D5FB9E8CE623}.Development|x64.Build.0 = Debug|Any CPU
		{8128D503-07AB-40A5-9ED3-D5FB9E8CE623}.Development|x64.Deploy.0 = Debug|Any CPU
		{8128D503-07AB-40A5-9ED3-D5FB9E8CE623}.Development|x86.ActiveCfg = Debug|Any CPU
		{8128D503-07AB-40A5-9ED3-D5FB9E8CE623}.Development|x86.Build.0 = Debug|Any CPU
		{8128D503-07AB-40A5-9ED3-D5FB9E8CE623}.Development|x86.Deploy.0 = Debug|Any CPU
		{8128D503-07AB-40A5-9ED3-D5FB9E8CE623}.Release|Any CPU.ActiveCfg = Release|Any CPU
		{8128D503-07AB-40A5-9ED3-D5FB9E8CE623}.Release|Any CPU.Build.0 = Release|Any CPU
		{8128D503-07AB-40A5-9ED3-D5FB9E8CE623}.Release|Any CPU.Deploy.0 = Release|Any CPU
		{8128D503-07AB-40A5-9ED3-D5FB9E8CE623}.Release|x64.ActiveCfg = Release|Any CPU
		{8128D503-07AB-40A5-9ED3-D5FB9E8CE623}.Release|x64.Build.0 = Release|Any CPU
		{8128D503-07AB-40A5-9ED3-D5FB9E8CE623}.Release|x64.Deploy.0 = Release|Any CPU
		{8128D503-07AB-40A5-9ED3-D5FB9E8CE623}.Release|x86.ActiveCfg = Release|Any CPU
		{8128D503-07AB-40A5-9ED3-D5FB9E8CE623}.Release|x86.Build.0 = Release|Any CPU
		{8128D503-07AB-40A5-9ED3-D5FB9E8CE623}.Release|x86.Deploy.0 = Release|Any CPU
		{A63EE00E-289C-4979-BA10-6B12C1986256}.Debug|Any CPU.ActiveCfg = Debug|Any CPU
		{A63EE00E-289C-4979-BA10-6B12C1986256}.Debug|Any CPU.Build.0 = Debug|Any CPU
		{A63EE00E-289C-4979-BA10-6B12C1986256}.Debug|x64.ActiveCfg = Debug|Any CPU
		{A63EE00E-289C-4979-BA10-6B12C1986256}.Debug|x64.Build.0 = Debug|Any CPU
		{A63EE00E-289C-4979-BA10-6B12C1986256}.Debug|x86.ActiveCfg = Debug|Any CPU
		{A63EE00E-289C-4979-BA10-6B12C1986256}.Debug|x86.Build.0 = Debug|Any CPU
		{A63EE00E-289C-4979-BA10-6B12C1986256}.Development|Any CPU.ActiveCfg = Debug|Any CPU
		{A63EE00E-289C-4979-BA10-6B12C1986256}.Development|Any CPU.Build.0 = Debug|Any CPU
		{A63EE00E-289C-4979-BA10-6B12C1986256}.Development|x64.ActiveCfg = Debug|Any CPU
		{A63EE00E-289C-4979-BA10-6B12C1986256}.Development|x64.Build.0 = Debug|Any CPU
		{A63EE00E-289C-4979-BA10-6B12C1986256}.Development|x86.ActiveCfg = Debug|Any CPU
		{A63EE00E-289C-4979-BA10-6B12C1986256}.Development|x86.Build.0 = Debug|Any CPU
		{A63EE00E-289C-4979-BA10-6B12C1986256}.Release|Any CPU.ActiveCfg = Release|Any CPU
		{A63EE00E-289C-4979-BA10-6B12C1986256}.Release|Any CPU.Build.0 = Release|Any CPU
		{A63EE00E-289C-4979-BA10-6B12C1986256}.Release|x64.ActiveCfg = Release|Any CPU
		{A63EE00E-289C-4979-BA10-6B12C1986256}.Release|x64.Build.0 = Release|Any CPU
		{A63EE00E-289C-4979-BA10-6B12C1986256}.Release|x86.ActiveCfg = Release|Any CPU
		{A63EE00E-289C-4979-BA10-6B12C1986256}.Release|x86.Build.0 = Release|Any CPU
	EndGlobalSection
	GlobalSection(SolutionProperties) = preSolution
		HideSolutionNode = FALSE
	EndGlobalSection
	GlobalSection(ExtensibilityGlobals) = postSolution
		SolutionGuid = {D2A59952-8B36-4A97-B273-6D2CC02143B4}
	EndGlobalSection
EndGlobal
