
Microsoft Visual Studio Solution File, Format Version 12.00
# Visual Studio 15
VisualStudioVersion = 15.0.27703.2035
MinimumVisualStudioVersion = 10.0.40219.1
Project("{159641D6-6404-4A2A-AE62-294DE0FE8301}") = "SSIS_Control", "SSIS_Control\SSIS_Control.dtproj", "{D91453AC-51C2-42C5-8934-FCAED1BB1378}"
EndProject
Project("{159641D6-6404-4A2A-AE62-294DE0FE8301}") = "SSIS_Datamart", "SSIS_Datamart\SSIS_Datamart.dtproj", "{E9CCD045-B4EF-450E-B059-F706CB8A4175}"
EndProject
Project("{159641D6-6404-4A2A-AE62-294DE0FE8301}") = "SSIS_DWH", "SSIS_DWH\SSIS_DWH.dtproj", "{23C55511-2C75-4733-ADCB-94D899CA0AD3}"
EndProject
Project("{159641D6-6404-4A2A-AE62-294DE0FE8301}") = "SSIS_Staging", "SSIS_Staging\SSIS_Staging.dtproj", "{F7A80C8D-0324-434B-B801-114910E261AA}"
EndProject
Project("{00D1A9C2-B5F0-4AF3-8072-F6C62B433612}") = "Datamart", "Datamart\Datamart.sqlproj", "{A270E3E8-DA54-4894-A59C-50E5A75AB672}"
EndProject
Project("{00D1A9C2-B5F0-4AF3-8072-F6C62B433612}") = "DWH", "DWH\DWH.sqlproj", "{093ABD4E-AB16-4F98-8B6F-5D45CD4AB6BD}"
EndProject
Project("{00D1A9C2-B5F0-4AF3-8072-F6C62B433612}") = "DWH_Control", "DWH_Control\DWH_Control.sqlproj", "{9EED87DD-0496-40B5-B1FC-33AE53AAC231}"
EndProject
Project("{00D1A9C2-B5F0-4AF3-8072-F6C62B433612}") = "Staging", "Staging\Staging.sqlproj", "{63186821-BBA1-4297-86C7-809E20F48F74}"
EndProject
Project("{00D1A9C2-B5F0-4AF3-8072-F6C62B433612}") = "ForeverData01", "ForeverData01\ForeverData01.sqlproj", "{AF4170B1-F978-4D58-B021-BE216F7F85A9}"
EndProject
Project("{159641D6-6404-4A2A-AE62-294DE0FE8301}") = "SSIS_ForeverData", "SSIS_ForeverData\SSIS_ForeverData.dtproj", "{85EF95EA-B3E9-4B9D-A681-6E41DAD12F42}"
EndProject
Project("{159641D6-6404-4A2A-AE62-294DE0FE8301}") = "SSIS_Middleware", "SSIS_Middleware\SSIS_Middleware.dtproj", "{9DB5B633-CC76-4AEA-AE03-B071BA4F34EC}"
EndProject
Project("{159641D6-6404-4A2A-AE62-294DE0FE8301}") = "SSIS_StagingIFS", "SSIS_StagingIFS\SSIS_StagingIFS.dtproj", "{1927C1F2-CD33-44DF-9A67-C39111B0DFD7}"
EndProject
Project("{159641D6-6404-4A2A-AE62-294DE0FE8301}") = "SSIS_Packages", "SSIS_Packages\SSIS_Packages.dtproj", "{5DB02BF3-B3F6-417D-8B0E-50514B1F09F8}"
EndProject
Project("{159641D6-6404-4A2A-AE62-294DE0FE8301}") = "SSIS_DataCleansing", "SSIS_DataCleansing\SSIS_DataCleansing.dtproj", "{34C36D73-E9DE-4D69-962D-D0219DF1E932}"
EndProject
Project("{00D1A9C2-B5F0-4AF3-8072-F6C62B433612}") = "StagingIFS", "StagingIFS\StagingIFS.sqlproj", "{303D986C-B797-46EB-88A6-C7D1965A1E33}"
EndProject
Project("{159641D6-6404-4A2A-AE62-294DE0FE8301}") = "SSIS_Reports", "SSIS_Reports\SSIS_Reports.dtproj", "{DAE4292C-0317-474D-B079-C77E77A54F46}"
EndProject
Project("{00D1A9C2-B5F0-4AF3-8072-F6C62B433612}") = "Reports", "Reports\Reports.sqlproj", "{8128D503-07AB-40A5-9ED3-D5FB9E8CE623}"
EndProject
Project("{9A19103F-16F7-4668-BE54-9A1E7A4F7556}") = "Script_Code", "Script_Code\Script_Code.csproj", "{A63EE00E-289C-4979-BA10-6B12C1986256}"
EndProject
Project("{159641D6-6404-4A2A-AE62-294DE0FE8301}") = "SSIS_Staging_ATIMO", "SSIS_Staging_ATIMO\SSIS_Staging_ATIMO.dtproj", "{3E08AC71-C53A-45BB-8985-DB14E0615D28}"
EndProject
Project("{159641D6-6404-4A2A-AE62-294DE0FE8301}") = "SSIS_Staging_DOC", "SSIS_Staging_DOC\SSIS_Staging_DOC.dtproj", "{298E84E4-A9A9-4BD7-96E6-752445F28D41}"
EndProject
Project("{159641D6-6404-4A2A-AE62-294DE0FE8301}") = "SSIS_Staging_Kewill", "SSIS_Staging_Kewill\SSIS_Staging_Kewill.dtproj", "{38AE61C4-0CFD-49BB-B2F6-B475B2D0FFA3}"
EndProject
Project("{159641D6-6404-4A2A-AE62-294DE0FE8301}") = "SSIS_Staging_Schaefer", "SSIS_Staging_Schaefer\SSIS_Staging_Schaefer.dtproj", "{FEF669CD-E639-4924-B40F-8510A90EC1CB}"
EndProject
Project("{159641D6-6404-4A2A-AE62-294DE0FE8301}") = "SSIS_Staging_Transparix", "SSIS_Staging_Transparix\SSIS_Staging_Transparix.dtproj", "{91B51B7F-404C-40FF-8739-5BC62FD708BE}"
EndProject
Project("{159641D6-6404-4A2A-AE62-294DE0FE8301}") = "SSIS_Staging_Manhattan", "SSIS_Staging_Manhattan\SSIS_Staging_Manhattan.dtproj", "{D6477590-27EA-4309-AAEB-1C0EEF99E132}"
EndProject
Project("{159641D6-6404-4A2A-AE62-294DE0FE8301}") = "SSIS_Staging_Portal", "SSIS_Staging_Portal\SSIS_Staging_Portal.dtproj", "{07B6DB3E-5B7F-4D7E-A79C-E7398255F3A3}"
EndProject
Project("{159641D6-6404-4A2A-AE62-294DE0FE8301}") = "SSIS_Staging_Extra", "SSIS_Staging_Extra\SSIS_Staging_Extra.dtproj", "{4A75AE60-8BB9-4F1A-89A0-D7D52F8E185C}"
EndProject
Project("{159641D6-6404-4A2A-AE62-294DE0FE8301}") = "SSIS_Staging_ODS", "SSIS_Staging_ODS\SSIS_Staging_ODS.dtproj", "{92A4C530-784B-408E-9B8F-3C24FC8465E2}"
EndProject
Project("{159641D6-6404-4A2A-AE62-294DE0FE8301}") = "SSIS_Staging_IFS", "SSIS_Staging_IFS\SSIS_Staging_IFS.dtproj", "{54770865-87DF-4C5B-B174-1F7FDA4C6640}"
EndProject
Project("{159641D6-6404-4A2A-AE62-294DE0FE8301}") = "SSIS_DWH_ATIMO", "SSIS_DWH_ATIMO\SSIS_DWH_ATIMO.dtproj", "{AB4C9F30-9F2C-442F-BED1-389BC7146A91}"
EndProject
Project("{159641D6-6404-4A2A-AE62-294DE0FE8301}") = "SSIS_DWH_DOC", "SSIS_DWH_DOC\SSIS_DWH_DOC.dtproj", "{19D5F6C2-D23E-4B86-9E06-24E50FA0823E}"
EndProject
Project("{159641D6-6404-4A2A-AE62-294DE0FE8301}") = "SSIS_DWH_Extra", "SSIS_DWH_Extra\SSIS_DWH_Extra.dtproj", "{C7F3B979-64CE-43DC-896C-AE55944EA832}"
EndProject
Project("{159641D6-6404-4A2A-AE62-294DE0FE8301}") = "SSIS_DWH_IFS", "SSIS_DWH_IFS\SSIS_DWH_IFS.dtproj", "{EFA9CD92-0A8C-4300-A64D-2D2D44E49E09}"
EndProject
Project("{159641D6-6404-4A2A-AE62-294DE0FE8301}") = "SSIS_DWH_Kewill", "SSIS_DWH_Kewill\SSIS_DWH_Kewill.dtproj", "{5DBCA04D-953D-47CE-AFA5-3023F5976208}"
EndProject
Project("{159641D6-6404-4A2A-AE62-294DE0FE8301}") = "SSIS_DWH_Manhattan", "SSIS_DWH_Manhattan\SSIS_DWH_Manhattan.dtproj", "{4B71EFD8-155D-4FA0-9582-A0B2270150D1}"
EndProject
Project("{159641D6-6404-4A2A-AE62-294DE0FE8301}") = "SSIS_DWH_Portal", "SSIS_DWH_Portal\SSIS_DWH_Portal.dtproj", "{3333B57C-B427-4510-B93F-9FE13E8EAC07}"
EndProject
Project("{159641D6-6404-4A2A-AE62-294DE0FE8301}") = "SSIS_DWH_Schaefer", "SSIS_DWH_Schaefer\SSIS_DWH_Schaefer.dtproj", "{48805CE8-88B7-48E9-B06A-7052458E73B7}"
EndProject
Project("{159641D6-6404-4A2A-AE62-294DE0FE8301}") = "SSIS_DWH_Transparix", "SSIS_DWH_Transparix\SSIS_DWH_Transparix.dtproj", "{EF9AB548-3065-43D5-BC48-8A3C770782F9}"
EndProject
Project("{159641D6-6404-4A2A-AE62-294DE0FE8301}") = "SSIS_DWH_ATIMO_ARC", "SSIS_DWH_ATIMO_ARC\SSIS_DWH_ATIMO_ARC.dtproj", "{A4FC8D5C-7F73-4EB4-BADC-D80CD454B0D3}"
EndProject
Project("{159641D6-6404-4A2A-AE62-294DE0FE8301}") = "SSIS_DWH_DOC_ARC", "SSIS_DWH_DOC_ARC\SSIS_DWH_DOC_ARC.dtproj", "{7BA6C63A-1576-4039-9D0E-01E74E368138}"
EndProject
Project("{159641D6-6404-4A2A-AE62-294DE0FE8301}") = "SSIS_DWH_Extra_ARC", "SSIS_DWH_Extra_ARC\SSIS_DWH_Extra_ARC.dtproj", "{03EEBA1D-1493-4BC2-9900-73508B652568}"
EndProject
Project("{159641D6-6404-4A2A-AE62-294DE0FE8301}") = "SSIS_DWH_IFS_ARC", "SSIS_DWH_IFS_ARC\SSIS_DWH_IFS_ARC.dtproj", "{991FBF2D-50E4-45E4-AC92-5B8B5F9D4911}"
EndProject
Project("{159641D6-6404-4A2A-AE62-294DE0FE8301}") = "SSIS_DWH_Kewill_ARC", "SSIS_DWH_Kewill_ARC\SSIS_DWH_Kewill_ARC.dtproj", "{7E674758-75B5-4BE2-98A9-FF13E3F73142}"
EndProject
Project("{159641D6-6404-4A2A-AE62-294DE0FE8301}") = "SSIS_DWH_Manhattan_ARC", "SSIS_DWH_Manhattan_ARC\SSIS_DWH_Manhattan_ARC.dtproj", "{1EA5C82A-F29D-4651-83D3-AB30F2D9EB0D}"
EndProject
Project("{159641D6-6404-4A2A-AE62-294DE0FE8301}") = "SSIS_DWH_Portal_ARC", "SSIS_DWH_Portal_ARC\SSIS_DWH_Portal_ARC.dtproj", "{4AFFEE6E-3CE4-485D-90F5-1F59C70262DD}"
EndProject
Project("{159641D6-6404-4A2A-AE62-294DE0FE8301}") = "SSIS_DWH_Schaefer_ARC", "SSIS_DWH_Schaefer_ARC\SSIS_DWH_Schaefer_ARC.dtproj", "{9F426B6C-7C92-4E23-94DF-F32E58D6F136}"
EndProject
Project("{159641D6-6404-4A2A-AE62-294DE0FE8301}") = "SSIS_DWH_Transparix_ARC", "SSIS_DWH_Transparix_ARC\SSIS_DWH_Transparix_ARC.dtproj", "{B6F850C1-FB9E-4635-8D25-9BADB39954BB}"
EndProject
Project("{159641D6-6404-4A2A-AE62-294DE0FE8301}") = "SSIS_IFS_TEMP", "SSIS_IFS_TEMP\SSIS_IFS_TEMP.dtproj", "{18162B2A-253A-41E2-A493-B5133779F10E}"
EndProject
Project("{159641D6-6404-4A2A-AE62-294DE0FE8301}") = "SSIS_Datamart2", "SSIS_Datamart2\SSIS_Datamart2.dtproj", "{BF0EA483-2D9A-4A28-AD73-DC5FFAFCE59D}"
EndProject
Project("{00D1A9C2-B5F0-4AF3-8072-F6C62B433612}") = "SSISDB", "SSISDB\SSISDB.sqlproj", "{4173DFCA-919B-4A75-B3B2-E3C16EA4438B}"
EndProject
Project("{159641D6-6404-4A2A-AE62-294DE0FE8301}") = "SSIS_StagingPK_Manhattan", "SSIS_Staging_PK_Manhattan\SSIS_StagingPK_Manhattan.dtproj", "{27FA6040-F162-4C2C-9AF2-64E1FB717B61}"
EndProject
Project("{159641D6-6404-4A2A-AE62-294DE0FE8301}") = "SSIS_BIML", "SSIS_BIML\SSIS_BIML.dtproj", "{E04CA8E2-8285-4965-AEA7-87F4D0E94954}"
EndProject
Global
	GlobalSection(SolutionConfigurationPlatforms) = preSolution
		Debug|Any CPU = Debug|Any CPU
		Debug|x64 = Debug|x64
		Debug|x86 = Debug|x86
		Development|Any CPU = Development|Any CPU
		Development|x64 = Development|x64
		Development|x86 = Development|x86
		Release|Any CPU = Release|Any CPU
		Release|x64 = Release|x64
		Release|x86 = Release|x86
	EndGlobalSection
	GlobalSection(ProjectConfigurationPlatforms) = postSolution
		{D91453AC-51C2-42C5-8934-FCAED1BB1378}.Debug|Any CPU.ActiveCfg = Development
		{D91453AC-51C2-42C5-8934-FCAED1BB1378}.Debug|Any CPU.Build.0 = Development
		{D91453AC-51C2-42C5-8934-FCAED1BB1378}.Debug|x64.ActiveCfg = Development
		{D91453AC-51C2-42C5-8934-FCAED1BB1378}.Debug|x64.Build.0 = Development
		{D91453AC-51C2-42C5-8934-FCAED1BB1378}.Debug|x86.ActiveCfg = Development
		{D91453AC-51C2-42C5-8934-FCAED1BB1378}.Debug|x86.Build.0 = Development
		{D91453AC-51C2-42C5-8934-FCAED1BB1378}.Development|Any CPU.ActiveCfg = Development
		{D91453AC-51C2-42C5-8934-FCAED1BB1378}.Development|Any CPU.Build.0 = Development
		{D91453AC-51C2-42C5-8934-FCAED1BB1378}.Development|x64.ActiveCfg = Development
		{D91453AC-51C2-42C5-8934-FCAED1BB1378}.Development|x64.Build.0 = Development
		{D91453AC-51C2-42C5-8934-FCAED1BB1378}.Development|x86.ActiveCfg = Development
		{D91453AC-51C2-42C5-8934-FCAED1BB1378}.Development|x86.Build.0 = Development
		{D91453AC-51C2-42C5-8934-FCAED1BB1378}.Release|Any CPU.ActiveCfg = Development
		{D91453AC-51C2-42C5-8934-FCAED1BB1378}.Release|Any CPU.Build.0 = Development
		{D91453AC-51C2-42C5-8934-FCAED1BB1378}.Release|x64.ActiveCfg = Development
		{D91453AC-51C2-42C5-8934-FCAED1BB1378}.Release|x64.Build.0 = Development
		{D91453AC-51C2-42C5-8934-FCAED1BB1378}.Release|x86.ActiveCfg = Development
		{D91453AC-51C2-42C5-8934-FCAED1BB1378}.Release|x86.Build.0 = Development
		{E9CCD045-B4EF-450E-B059-F706CB8A4175}.Debug|Any CPU.ActiveCfg = Development
		{E9CCD045-B4EF-450E-B059-F706CB8A4175}.Debug|Any CPU.Build.0 = Development
		{E9CCD045-B4EF-450E-B059-F706CB8A4175}.Debug|x64.ActiveCfg = Development
		{E9CCD045-B4EF-450E-B059-F706CB8A4175}.Debug|x64.Build.0 = Development
		{E9CCD045-B4EF-450E-B059-F706CB8A4175}.Debug|x86.ActiveCfg = Development
		{E9CCD045-B4EF-450E-B059-F706CB8A4175}.Debug|x86.Build.0 = Development
		{E9CCD045-B4EF-450E-B059-F706CB8A4175}.Development|Any CPU.ActiveCfg = Development
		{E9CCD045-B4EF-450E-B059-F706CB8A4175}.Development|Any CPU.Build.0 = Development
		{E9CCD045-B4EF-450E-B059-F706CB8A4175}.Development|x64.ActiveCfg = Development
		{E9CCD045-B4EF-450E-B059-F706CB8A4175}.Development|x64.Build.0 = Development
		{E9CCD045-B4EF-450E-B059-F706CB8A4175}.Development|x86.ActiveCfg = Development
		{E9CCD045-B4EF-450E-B059-F706CB8A4175}.Development|x86.Build.0 = Development
		{E9CCD045-B4EF-450E-B059-F706CB8A4175}.Release|Any CPU.ActiveCfg = Development
		{E9CCD045-B4EF-450E-B059-F706CB8A4175}.Release|Any CPU.Build.0 = Development
		{E9CCD045-B4EF-450E-B059-F706CB8A4175}.Release|x64.ActiveCfg = Development
		{E9CCD045-B4EF-450E-B059-F706CB8A4175}.Release|x64.Build.0 = Development
		{E9CCD045-B4EF-450E-B059-F706CB8A4175}.Release|x86.ActiveCfg = Development
		{E9CCD045-B4EF-450E-B059-F706CB8A4175}.Release|x86.Build.0 = Development
		{23C55511-2C75-4733-ADCB-94D899CA0AD3}.Debug|Any CPU.ActiveCfg = Development
		{23C55511-2C75-4733-ADCB-94D899CA0AD3}.Debug|Any CPU.Build.0 = Development
		{23C55511-2C75-4733-ADCB-94D899CA0AD3}.Debug|x64.ActiveCfg = Development
		{23C55511-2C75-4733-ADCB-94D899CA0AD3}.Debug|x64.Build.0 = Development
		{23C55511-2C75-4733-ADCB-94D899CA0AD3}.Debug|x86.ActiveCfg = Development
		{23C55511-2C75-4733-ADCB-94D899CA0AD3}.Debug|x86.Build.0 = Development
		{23C55511-2C75-4733-ADCB-94D899CA0AD3}.Development|Any CPU.ActiveCfg = Development
		{23C55511-2C75-4733-ADCB-94D899CA0AD3}.Development|Any CPU.Build.0 = Development
		{23C55511-2C75-4733-ADCB-94D899CA0AD3}.Development|x64.ActiveCfg = Development
		{23C55511-2C75-4733-ADCB-94D899CA0AD3}.Development|x64.Build.0 = Development
		{23C55511-2C75-4733-ADCB-94D899CA0AD3}.Development|x86.ActiveCfg = Development
		{23C55511-2C75-4733-ADCB-94D899CA0AD3}.Development|x86.Build.0 = Development
		{23C55511-2C75-4733-ADCB-94D899CA0AD3}.Release|Any CPU.ActiveCfg = Development
		{23C55511-2C75-4733-ADCB-94D899CA0AD3}.Release|Any CPU.Build.0 = Development
		{23C55511-2C75-4733-ADCB-94D899CA0AD3}.Release|x64.ActiveCfg = Development
		{23C55511-2C75-4733-ADCB-94D899CA0AD3}.Release|x64.Build.0 = Development
		{23C55511-2C75-4733-ADCB-94D899CA0AD3}.Release|x86.ActiveCfg = Development
		{23C55511-2C75-4733-ADCB-94D899CA0AD3}.Release|x86.Build.0 = Development
		{F7A80C8D-0324-434B-B801-114910E261AA}.Debug|Any CPU.ActiveCfg = Development
		{F7A80C8D-0324-434B-B801-114910E261AA}.Debug|Any CPU.Build.0 = Development
		{F7A80C8D-0324-434B-B801-114910E261AA}.Debug|x64.ActiveCfg = Development
		{F7A80C8D-0324-434B-B801-114910E261AA}.Debug|x64.Build.0 = Development
		{F7A80C8D-0324-434B-B801-114910E261AA}.Debug|x86.ActiveCfg = Development
		{F7A80C8D-0324-434B-B801-114910E261AA}.Debug|x86.Build.0 = Development
		{F7A80C8D-0324-434B-B801-114910E261AA}.Development|Any CPU.ActiveCfg = Development
		{F7A80C8D-0324-434B-B801-114910E261AA}.Development|Any CPU.Build.0 = Development
		{F7A80C8D-0324-434B-B801-114910E261AA}.Development|x64.ActiveCfg = Development
		{F7A80C8D-0324-434B-B801-114910E261AA}.Development|x64.Build.0 = Development
		{F7A80C8D-0324-434B-B801-114910E261AA}.Development|x86.ActiveCfg = Development
		{F7A80C8D-0324-434B-B801-114910E261AA}.Development|x86.Build.0 = Development
		{F7A80C8D-0324-434B-B801-114910E261AA}.Release|Any CPU.ActiveCfg = Development
		{F7A80C8D-0324-434B-B801-114910E261AA}.Release|Any CPU.Build.0 = Development
		{F7A80C8D-0324-434B-B801-114910E261AA}.Release|x64.ActiveCfg = Development
		{F7A80C8D-0324-434B-B801-114910E261AA}.Release|x64.Build.0 = Development
		{F7A80C8D-0324-434B-B801-114910E261AA}.Release|x86.ActiveCfg = Development
		{F7A80C8D-0324-434B-B801-114910E261AA}.Release|x86.Build.0 = Development
		{A270E3E8-DA54-4894-A59C-50E5A75AB672}.Debug|Any CPU.ActiveCfg = Debug|Any CPU
		{A270E3E8-DA54-4894-A59C-50E5A75AB672}.Debug|Any CPU.Build.0 = Debug|Any CPU
		{A270E3E8-DA54-4894-A59C-50E5A75AB672}.Debug|Any CPU.Deploy.0 = Debug|Any CPU
		{A270E3E8-DA54-4894-A59C-50E5A75AB672}.Debug|x64.ActiveCfg = Debug|Any CPU
		{A270E3E8-DA54-4894-A59C-50E5A75AB672}.Debug|x64.Build.0 = Debug|Any CPU
		{A270E3E8-DA54-4894-A59C-50E5A75AB672}.Debug|x64.Deploy.0 = Debug|Any CPU
		{A270E3E8-DA54-4894-A59C-50E5A75AB672}.Debug|x86.ActiveCfg = Debug|Any CPU
		{A270E3E8-DA54-4894-A59C-50E5A75AB672}.Debug|x86.Build.0 = Debug|Any CPU
		{A270E3E8-DA54-4894-A59C-50E5A75AB672}.Debug|x86.Deploy.0 = Debug|Any CPU
		{A270E3E8-DA54-4894-A59C-50E5A75AB672}.Development|Any CPU.ActiveCfg = Debug|Any CPU
		{A270E3E8-DA54-4894-A59C-50E5A75AB672}.Development|Any CPU.Build.0 = Debug|Any CPU
		{A270E3E8-DA54-4894-A59C-50E5A75AB672}.Development|Any CPU.Deploy.0 = Debug|Any CPU
		{A270E3E8-DA54-4894-A59C-50E5A75AB672}.Development|x64.ActiveCfg = Debug|Any CPU
		{A270E3E8-DA54-4894-A59C-50E5A75AB672}.Development|x64.Build.0 = Debug|Any CPU
		{A270E3E8-DA54-4894-A59C-50E5A75AB672}.Development|x64.Deploy.0 = Debug|Any CPU
		{A270E3E8-DA54-4894-A59C-50E5A75AB672}.Development|x86.ActiveCfg = Debug|Any CPU
		{A270E3E8-DA54-4894-A59C-50E5A75AB672}.Development|x86.Build.0 = Debug|Any CPU
		{A270E3E8-DA54-4894-A59C-50E5A75AB672}.Development|x86.Deploy.0 = Debug|Any CPU
		{A270E3E8-DA54-4894-A59C-50E5A75AB672}.Release|Any CPU.ActiveCfg = Release|Any CPU
		{A270E3E8-DA54-4894-A59C-50E5A75AB672}.Release|Any CPU.Build.0 = Release|Any CPU
		{A270E3E8-DA54-4894-A59C-50E5A75AB672}.Release|Any CPU.Deploy.0 = Release|Any CPU
		{A270E3E8-DA54-4894-A59C-50E5A75AB672}.Release|x64.ActiveCfg = Release|Any CPU
		{A270E3E8-DA54-4894-A59C-50E5A75AB672}.Release|x64.Build.0 = Release|Any CPU
		{A270E3E8-DA54-4894-A59C-50E5A75AB672}.Release|x64.Deploy.0 = Release|Any CPU
		{A270E3E8-DA54-4894-A59C-50E5A75AB672}.Release|x86.ActiveCfg = Release|Any CPU
		{A270E3E8-DA54-4894-A59C-50E5A75AB672}.Release|x86.Build.0 = Release|Any CPU
		{A270E3E8-DA54-4894-A59C-50E5A75AB672}.Release|x86.Deploy.0 = Release|Any CPU
		{093ABD4E-AB16-4F98-8B6F-5D45CD4AB6BD}.Debug|Any CPU.ActiveCfg = Debug|Any CPU
		{093ABD4E-AB16-4F98-8B6F-5D45CD4AB6BD}.Debug|Any CPU.Build.0 = Debug|Any CPU
		{093ABD4E-AB16-4F98-8B6F-5D45CD4AB6BD}.Debug|Any CPU.Deploy.0 = Debug|Any CPU
		{093ABD4E-AB16-4F98-8B6F-5D45CD4AB6BD}.Debug|x64.ActiveCfg = Debug|Any CPU
		{093ABD4E-AB16-4F98-8B6F-5D45CD4AB6BD}.Debug|x64.Build.0 = Debug|Any CPU
		{093ABD4E-AB16-4F98-8B6F-5D45CD4AB6BD}.Debug|x64.Deploy.0 = Debug|Any CPU
		{093ABD4E-AB16-4F98-8B6F-5D45CD4AB6BD}.Debug|x86.ActiveCfg = Debug|Any CPU
		{093ABD4E-AB16-4F98-8B6F-5D45CD4AB6BD}.Debug|x86.Build.0 = Debug|Any CPU
		{093ABD4E-AB16-4F98-8B6F-5D45CD4AB6BD}.Debug|x86.Deploy.0 = Debug|Any CPU
		{093ABD4E-AB16-4F98-8B6F-5D45CD4AB6BD}.Development|Any CPU.ActiveCfg = Debug|Any CPU
		{093ABD4E-AB16-4F98-8B6F-5D45CD4AB6BD}.Development|Any CPU.Build.0 = Debug|Any CPU
		{093ABD4E-AB16-4F98-8B6F-5D45CD4AB6BD}.Development|Any CPU.Deploy.0 = Debug|Any CPU
		{093ABD4E-AB16-4F98-8B6F-5D45CD4AB6BD}.Development|x64.ActiveCfg = Debug|Any CPU
		{093ABD4E-AB16-4F98-8B6F-5D45CD4AB6BD}.Development|x64.Build.0 = Debug|Any CPU
		{093ABD4E-AB16-4F98-8B6F-5D45CD4AB6BD}.Development|x64.Deploy.0 = Debug|Any CPU
		{093ABD4E-AB16-4F98-8B6F-5D45CD4AB6BD}.Development|x86.ActiveCfg = Debug|Any CPU
		{093ABD4E-AB16-4F98-8B6F-5D45CD4AB6BD}.Development|x86.Build.0 = Debug|Any CPU
		{093ABD4E-AB16-4F98-8B6F-5D45CD4AB6BD}.Development|x86.Deploy.0 = Debug|Any CPU
		{093ABD4E-AB16-4F98-8B6F-5D45CD4AB6BD}.Release|Any CPU.ActiveCfg = Release|Any CPU
		{093ABD4E-AB16-4F98-8B6F-5D45CD4AB6BD}.Release|Any CPU.Build.0 = Release|Any CPU
		{093ABD4E-AB16-4F98-8B6F-5D45CD4AB6BD}.Release|Any CPU.Deploy.0 = Release|Any CPU
		{093ABD4E-AB16-4F98-8B6F-5D45CD4AB6BD}.Release|x64.ActiveCfg = Release|Any CPU
		{093ABD4E-AB16-4F98-8B6F-5D45CD4AB6BD}.Release|x64.Build.0 = Release|Any CPU
		{093ABD4E-AB16-4F98-8B6F-5D45CD4AB6BD}.Release|x64.Deploy.0 = Release|Any CPU
		{093ABD4E-AB16-4F98-8B6F-5D45CD4AB6BD}.Release|x86.ActiveCfg = Release|Any CPU
		{093ABD4E-AB16-4F98-8B6F-5D45CD4AB6BD}.Release|x86.Build.0 = Release|Any CPU
		{093ABD4E-AB16-4F98-8B6F-5D45CD4AB6BD}.Release|x86.Deploy.0 = Release|Any CPU
		{9EED87DD-0496-40B5-B1FC-33AE53AAC231}.Debug|Any CPU.ActiveCfg = Debug|Any CPU
		{9EED87DD-0496-40B5-B1FC-33AE53AAC231}.Debug|Any CPU.Build.0 = Debug|Any CPU
		{9EED87DD-0496-40B5-B1FC-33AE53AAC231}.Debug|Any CPU.Deploy.0 = Debug|Any CPU
		{9EED87DD-0496-40B5-B1FC-33AE53AAC231}.Debug|x64.ActiveCfg = Debug|Any CPU
		{9EED87DD-0496-40B5-B1FC-33AE53AAC231}.Debug|x64.Build.0 = Debug|Any CPU
		{9EED87DD-0496-40B5-B1FC-33AE53AAC231}.Debug|x64.Deploy.0 = Debug|Any CPU
		{9EED87DD-0496-40B5-B1FC-33AE53AAC231}.Debug|x86.ActiveCfg = Debug|Any CPU
		{9EED87DD-0496-40B5-B1FC-33AE53AAC231}.Debug|x86.Build.0 = Debug|Any CPU
		{9EED87DD-0496-40B5-B1FC-33AE53AAC231}.Debug|x86.Deploy.0 = Debug|Any CPU
		{9EED87DD-0496-40B5-B1FC-33AE53AAC231}.Development|Any CPU.ActiveCfg = Debug|Any CPU
		{9EED87DD-0496-40B5-B1FC-33AE53AAC231}.Development|Any CPU.Build.0 = Debug|Any CPU
		{9EED87DD-0496-40B5-B1FC-33AE53AAC231}.Development|Any CPU.Deploy.0 = Debug|Any CPU
		{9EED87DD-0496-40B5-B1FC-33AE53AAC231}.Development|x64.ActiveCfg = Debug|Any CPU
		{9EED87DD-0496-40B5-B1FC-33AE53AAC231}.Development|x64.Build.0 = Debug|Any CPU
		{9EED87DD-0496-40B5-B1FC-33AE53AAC231}.Development|x64.Deploy.0 = Debug|Any CPU
		{9EED87DD-0496-40B5-B1FC-33AE53AAC231}.Development|x86.ActiveCfg = Debug|Any CPU
		{9EED87DD-0496-40B5-B1FC-33AE53AAC231}.Development|x86.Build.0 = Debug|Any CPU
		{9EED87DD-0496-40B5-B1FC-33AE53AAC231}.Development|x86.Deploy.0 = Debug|Any CPU
		{9EED87DD-0496-40B5-B1FC-33AE53AAC231}.Release|Any CPU.ActiveCfg = Release|Any CPU
		{9EED87DD-0496-40B5-B1FC-33AE53AAC231}.Release|Any CPU.Build.0 = Release|Any CPU
		{9EED87DD-0496-40B5-B1FC-33AE53AAC231}.Release|Any CPU.Deploy.0 = Release|Any CPU
		{9EED87DD-0496-40B5-B1FC-33AE53AAC231}.Release|x64.ActiveCfg = Release|Any CPU
		{9EED87DD-0496-40B5-B1FC-33AE53AAC231}.Release|x64.Build.0 = Release|Any CPU
		{9EED87DD-0496-40B5-B1FC-33AE53AAC231}.Release|x64.Deploy.0 = Release|Any CPU
		{9EED87DD-0496-40B5-B1FC-33AE53AAC231}.Release|x86.ActiveCfg = Release|Any CPU
		{9EED87DD-0496-40B5-B1FC-33AE53AAC231}.Release|x86.Build.0 = Release|Any CPU
		{9EED87DD-0496-40B5-B1FC-33AE53AAC231}.Release|x86.Deploy.0 = Release|Any CPU
		{63186821-BBA1-4297-86C7-809E20F48F74}.Debug|Any CPU.ActiveCfg = Debug|Any CPU
		{63186821-BBA1-4297-86C7-809E20F48F74}.Debug|Any CPU.Build.0 = Debug|Any CPU
		{63186821-BBA1-4297-86C7-809E20F48F74}.Debug|Any CPU.Deploy.0 = Debug|Any CPU
		{63186821-BBA1-4297-86C7-809E20F48F74}.Debug|x64.ActiveCfg = Debug|Any CPU
		{63186821-BBA1-4297-86C7-809E20F48F74}.Debug|x64.Build.0 = Debug|Any CPU
		{63186821-BBA1-4297-86C7-809E20F48F74}.Debug|x64.Deploy.0 = Debug|Any CPU
		{63186821-BBA1-4297-86C7-809E20F48F74}.Debug|x86.ActiveCfg = Debug|Any CPU
		{63186821-BBA1-4297-86C7-809E20F48F74}.Debug|x86.Build.0 = Debug|Any CPU
		{63186821-BBA1-4297-86C7-809E20F48F74}.Debug|x86.Deploy.0 = Debug|Any CPU
		{63186821-BBA1-4297-86C7-809E20F48F74}.Development|Any CPU.ActiveCfg = Debug|Any CPU
		{63186821-BBA1-4297-86C7-809E20F48F74}.Development|Any CPU.Build.0 = Debug|Any CPU
		{63186821-BBA1-4297-86C7-809E20F48F74}.Development|Any CPU.Deploy.0 = Debug|Any CPU
		{63186821-BBA1-4297-86C7-809E20F48F74}.Development|x64.ActiveCfg = Debug|Any CPU
		{63186821-BBA1-4297-86C7-809E20F48F74}.Development|x64.Build.0 = Debug|Any CPU
		{63186821-BBA1-4297-86C7-809E20F48F74}.Development|x64.Deploy.0 = Debug|Any CPU
		{63186821-BBA1-4297-86C7-809E20F48F74}.Development|x86.ActiveCfg = Debug|Any CPU
		{63186821-BBA1-4297-86C7-809E20F48F74}.Development|x86.Build.0 = Debug|Any CPU
		{63186821-BBA1-4297-86C7-809E20F48F74}.Development|x86.Deploy.0 = Debug|Any CPU
		{63186821-BBA1-4297-86C7-809E20F48F74}.Release|Any CPU.ActiveCfg = Release|Any CPU
		{63186821-BBA1-4297-86C7-809E20F48F74}.Release|Any CPU.Build.0 = Release|Any CPU
		{63186821-BBA1-4297-86C7-809E20F48F74}.Release|Any CPU.Deploy.0 = Release|Any CPU
		{63186821-BBA1-4297-86C7-809E20F48F74}.Release|x64.ActiveCfg = Release|Any CPU
		{63186821-BBA1-4297-86C7-809E20F48F74}.Release|x64.Build.0 = Release|Any CPU
		{63186821-BBA1-4297-86C7-809E20F48F74}.Release|x64.Deploy.0 = Release|Any CPU
		{63186821-BBA1-4297-86C7-809E20F48F74}.Release|x86.ActiveCfg = Release|Any CPU
		{63186821-BBA1-4297-86C7-809E20F48F74}.Release|x86.Build.0 = Release|Any CPU
		{63186821-BBA1-4297-86C7-809E20F48F74}.Release|x86.Deploy.0 = Release|Any CPU
		{AF4170B1-F978-4D58-B021-BE216F7F85A9}.Debug|Any CPU.ActiveCfg = Debug|Any CPU
		{AF4170B1-F978-4D58-B021-BE216F7F85A9}.Debug|Any CPU.Build.0 = Debug|Any CPU
		{AF4170B1-F978-4D58-B021-BE216F7F85A9}.Debug|Any CPU.Deploy.0 = Debug|Any CPU
		{AF4170B1-F978-4D58-B021-BE216F7F85A9}.Debug|x64.ActiveCfg = Debug|Any CPU
		{AF4170B1-F978-4D58-B021-BE216F7F85A9}.Debug|x64.Build.0 = Debug|Any CPU
		{AF4170B1-F978-4D58-B021-BE216F7F85A9}.Debug|x64.Deploy.0 = Debug|Any CPU
		{AF4170B1-F978-4D58-B021-BE216F7F85A9}.Debug|x86.ActiveCfg = Debug|Any CPU
		{AF4170B1-F978-4D58-B021-BE216F7F85A9}.Debug|x86.Build.0 = Debug|Any CPU
		{AF4170B1-F978-4D58-B021-BE216F7F85A9}.Debug|x86.Deploy.0 = Debug|Any CPU
		{AF4170B1-F978-4D58-B021-BE216F7F85A9}.Development|Any CPU.ActiveCfg = Debug|Any CPU
		{AF4170B1-F978-4D58-B021-BE216F7F85A9}.Development|Any CPU.Build.0 = Debug|Any CPU
		{AF4170B1-F978-4D58-B021-BE216F7F85A9}.Development|Any CPU.Deploy.0 = Debug|Any CPU
		{AF4170B1-F978-4D58-B021-BE216F7F85A9}.Development|x64.ActiveCfg = Debug|Any CPU
		{AF4170B1-F978-4D58-B021-BE216F7F85A9}.Development|x64.Build.0 = Debug|Any CPU
		{AF4170B1-F978-4D58-B021-BE216F7F85A9}.Development|x64.Deploy.0 = Debug|Any CPU
		{AF4170B1-F978-4D58-B021-BE216F7F85A9}.Development|x86.ActiveCfg = Debug|Any CPU
		{AF4170B1-F978-4D58-B021-BE216F7F85A9}.Development|x86.Build.0 = Debug|Any CPU
		{AF4170B1-F978-4D58-B021-BE216F7F85A9}.Development|x86.Deploy.0 = Debug|Any CPU
		{AF4170B1-F978-4D58-B021-BE216F7F85A9}.Release|Any CPU.ActiveCfg = Release|Any CPU
		{AF4170B1-F978-4D58-B021-BE216F7F85A9}.Release|Any CPU.Build.0 = Release|Any CPU
		{AF4170B1-F978-4D58-B021-BE216F7F85A9}.Release|Any CPU.Deploy.0 = Release|Any CPU
		{AF4170B1-F978-4D58-B021-BE216F7F85A9}.Release|x64.ActiveCfg = Release|Any CPU
		{AF4170B1-F978-4D58-B021-BE216F7F85A9}.Release|x64.Build.0 = Release|Any CPU
		{AF4170B1-F978-4D58-B021-BE216F7F85A9}.Release|x64.Deploy.0 = Release|Any CPU
		{AF4170B1-F978-4D58-B021-BE216F7F85A9}.Release|x86.ActiveCfg = Release|Any CPU
		{AF4170B1-F978-4D58-B021-BE216F7F85A9}.Release|x86.Build.0 = Release|Any CPU
		{AF4170B1-F978-4D58-B021-BE216F7F85A9}.Release|x86.Deploy.0 = Release|Any CPU
		{85EF95EA-B3E9-4B9D-A681-6E41DAD12F42}.Debug|Any CPU.ActiveCfg = Development
		{85EF95EA-B3E9-4B9D-A681-6E41DAD12F42}.Debug|Any CPU.Build.0 = Development
		{85EF95EA-B3E9-4B9D-A681-6E41DAD12F42}.Debug|x64.ActiveCfg = Development
		{85EF95EA-B3E9-4B9D-A681-6E41DAD12F42}.Debug|x64.Build.0 = Development
		{85EF95EA-B3E9-4B9D-A681-6E41DAD12F42}.Debug|x86.ActiveCfg = Development
		{85EF95EA-B3E9-4B9D-A681-6E41DAD12F42}.Debug|x86.Build.0 = Development
		{85EF95EA-B3E9-4B9D-A681-6E41DAD12F42}.Development|Any CPU.ActiveCfg = Development
		{85EF95EA-B3E9-4B9D-A681-6E41DAD12F42}.Development|Any CPU.Build.0 = Development
		{85EF95EA-B3E9-4B9D-A681-6E41DAD12F42}.Development|x64.ActiveCfg = Development
		{85EF95EA-B3E9-4B9D-A681-6E41DAD12F42}.Development|x64.Build.0 = Development
		{85EF95EA-B3E9-4B9D-A681-6E41DAD12F42}.Development|x86.ActiveCfg = Development
		{85EF95EA-B3E9-4B9D-A681-6E41DAD12F42}.Development|x86.Build.0 = Development
		{85EF95EA-B3E9-4B9D-A681-6E41DAD12F42}.Release|Any CPU.ActiveCfg = Development
		{85EF95EA-B3E9-4B9D-A681-6E41DAD12F42}.Release|Any CPU.Build.0 = Development
		{85EF95EA-B3E9-4B9D-A681-6E41DAD12F42}.Release|x64.ActiveCfg = Development
		{85EF95EA-B3E9-4B9D-A681-6E41DAD12F42}.Release|x64.Build.0 = Development
		{85EF95EA-B3E9-4B9D-A681-6E41DAD12F42}.Release|x86.ActiveCfg = Development
		{85EF95EA-B3E9-4B9D-A681-6E41DAD12F42}.Release|x86.Build.0 = Development
		{9DB5B633-CC76-4AEA-AE03-B071BA4F34EC}.Debug|Any CPU.ActiveCfg = Development
		{9DB5B633-CC76-4AEA-AE03-B071BA4F34EC}.Debug|Any CPU.Build.0 = Development
		{9DB5B633-CC76-4AEA-AE03-B071BA4F34EC}.Debug|x64.ActiveCfg = Development
		{9DB5B633-CC76-4AEA-AE03-B071BA4F34EC}.Debug|x64.Build.0 = Development
		{9DB5B633-CC76-4AEA-AE03-B071BA4F34EC}.Debug|x86.ActiveCfg = Development
		{9DB5B633-CC76-4AEA-AE03-B071BA4F34EC}.Debug|x86.Build.0 = Development
		{9DB5B633-CC76-4AEA-AE03-B071BA4F34EC}.Development|Any CPU.ActiveCfg = Development
		{9DB5B633-CC76-4AEA-AE03-B071BA4F34EC}.Development|Any CPU.Build.0 = Development
		{9DB5B633-CC76-4AEA-AE03-B071BA4F34EC}.Development|x64.ActiveCfg = Development
		{9DB5B633-CC76-4AEA-AE03-B071BA4F34EC}.Development|x64.Build.0 = Development
		{9DB5B633-CC76-4AEA-AE03-B071BA4F34EC}.Development|x86.ActiveCfg = Development
		{9DB5B633-CC76-4AEA-AE03-B071BA4F34EC}.Development|x86.Build.0 = Development
		{9DB5B633-CC76-4AEA-AE03-B071BA4F34EC}.Release|Any CPU.ActiveCfg = Development
		{9DB5B633-CC76-4AEA-AE03-B071BA4F34EC}.Release|Any CPU.Build.0 = Development
		{9DB5B633-CC76-4AEA-AE03-B071BA4F34EC}.Release|x64.ActiveCfg = Development
		{9DB5B633-CC76-4AEA-AE03-B071BA4F34EC}.Release|x64.Build.0 = Development
		{9DB5B633-CC76-4AEA-AE03-B071BA4F34EC}.Release|x86.ActiveCfg = Development
		{9DB5B633-CC76-4AEA-AE03-B071BA4F34EC}.Release|x86.Build.0 = Development
		{1927C1F2-CD33-44DF-9A67-C39111B0DFD7}.Debug|Any CPU.ActiveCfg = Development
		{1927C1F2-CD33-44DF-9A67-C39111B0DFD7}.Debug|Any CPU.Build.0 = Development
		{1927C1F2-CD33-44DF-9A67-C39111B0DFD7}.Debug|x64.ActiveCfg = Development
		{1927C1F2-CD33-44DF-9A67-C39111B0DFD7}.Debug|x64.Build.0 = Development
		{1927C1F2-CD33-44DF-9A67-C39111B0DFD7}.Debug|x86.ActiveCfg = Development
		{1927C1F2-CD33-44DF-9A67-C39111B0DFD7}.Debug|x86.Build.0 = Development
		{1927C1F2-CD33-44DF-9A67-C39111B0DFD7}.Development|Any CPU.ActiveCfg = Development
		{1927C1F2-CD33-44DF-9A67-C39111B0DFD7}.Development|Any CPU.Build.0 = Development
		{1927C1F2-CD33-44DF-9A67-C39111B0DFD7}.Development|x64.ActiveCfg = Development
		{1927C1F2-CD33-44DF-9A67-C39111B0DFD7}.Development|x64.Build.0 = Development
		{1927C1F2-CD33-44DF-9A67-C39111B0DFD7}.Development|x86.ActiveCfg = Development
		{1927C1F2-CD33-44DF-9A67-C39111B0DFD7}.Development|x86.Build.0 = Development
		{1927C1F2-CD33-44DF-9A67-C39111B0DFD7}.Release|Any CPU.ActiveCfg = Development
		{1927C1F2-CD33-44DF-9A67-C39111B0DFD7}.Release|Any CPU.Build.0 = Development
		{1927C1F2-CD33-44DF-9A67-C39111B0DFD7}.Release|x64.ActiveCfg = Development
		{1927C1F2-CD33-44DF-9A67-C39111B0DFD7}.Release|x64.Build.0 = Development
		{1927C1F2-CD33-44DF-9A67-C39111B0DFD7}.Release|x86.ActiveCfg = Development
		{1927C1F2-CD33-44DF-9A67-C39111B0DFD7}.Release|x86.Build.0 = Development
		{5DB02BF3-B3F6-417D-8B0E-50514B1F09F8}.Debug|Any CPU.ActiveCfg = Development
		{5DB02BF3-B3F6-417D-8B0E-50514B1F09F8}.Debug|Any CPU.Build.0 = Development
		{5DB02BF3-B3F6-417D-8B0E-50514B1F09F8}.Debug|x64.ActiveCfg = Development
		{5DB02BF3-B3F6-417D-8B0E-50514B1F09F8}.Debug|x64.Build.0 = Development
		{5DB02BF3-B3F6-417D-8B0E-50514B1F09F8}.Debug|x86.ActiveCfg = Development
		{5DB02BF3-B3F6-417D-8B0E-50514B1F09F8}.Debug|x86.Build.0 = Development
		{5DB02BF3-B3F6-417D-8B0E-50514B1F09F8}.Development|Any CPU.ActiveCfg = Development
		{5DB02BF3-B3F6-417D-8B0E-50514B1F09F8}.Development|Any CPU.Build.0 = Development
		{5DB02BF3-B3F6-417D-8B0E-50514B1F09F8}.Development|x64.ActiveCfg = Development
		{5DB02BF3-B3F6-417D-8B0E-50514B1F09F8}.Development|x64.Build.0 = Development
		{5DB02BF3-B3F6-417D-8B0E-50514B1F09F8}.Development|x86.ActiveCfg = Development
		{5DB02BF3-B3F6-417D-8B0E-50514B1F09F8}.Development|x86.Build.0 = Development
		{5DB02BF3-B3F6-417D-8B0E-50514B1F09F8}.Release|Any CPU.ActiveCfg = Development
		{5DB02BF3-B3F6-417D-8B0E-50514B1F09F8}.Release|Any CPU.Build.0 = Development
		{5DB02BF3-B3F6-417D-8B0E-50514B1F09F8}.Release|x64.ActiveCfg = Development
		{5DB02BF3-B3F6-417D-8B0E-50514B1F09F8}.Release|x64.Build.0 = Development
		{5DB02BF3-B3F6-417D-8B0E-50514B1F09F8}.Release|x86.ActiveCfg = Development
		{5DB02BF3-B3F6-417D-8B0E-50514B1F09F8}.Release|x86.Build.0 = Development
		{34C36D73-E9DE-4D69-962D-D0219DF1E932}.Debug|Any CPU.ActiveCfg = Development
		{34C36D73-E9DE-4D69-962D-D0219DF1E932}.Debug|Any CPU.Build.0 = Development
		{34C36D73-E9DE-4D69-962D-D0219DF1E932}.Debug|x64.ActiveCfg = Development
		{34C36D73-E9DE-4D69-962D-D0219DF1E932}.Debug|x64.Build.0 = Development
		{34C36D73-E9DE-4D69-962D-D0219DF1E932}.Debug|x86.ActiveCfg = Development
		{34C36D73-E9DE-4D69-962D-D0219DF1E932}.Debug|x86.Build.0 = Development
		{34C36D73-E9DE-4D69-962D-D0219DF1E932}.Development|Any CPU.ActiveCfg = Development
		{34C36D73-E9DE-4D69-962D-D0219DF1E932}.Development|Any CPU.Build.0 = Development
		{34C36D73-E9DE-4D69-962D-D0219DF1E932}.Development|x64.ActiveCfg = Development
		{34C36D73-E9DE-4D69-962D-D0219DF1E932}.Development|x64.Build.0 = Development
		{34C36D73-E9DE-4D69-962D-D0219DF1E932}.Development|x86.ActiveCfg = Development
		{34C36D73-E9DE-4D69-962D-D0219DF1E932}.Development|x86.Build.0 = Development
		{34C36D73-E9DE-4D69-962D-D0219DF1E932}.Release|Any CPU.ActiveCfg = Development
		{34C36D73-E9DE-4D69-962D-D0219DF1E932}.Release|Any CPU.Build.0 = Development
		{34C36D73-E9DE-4D69-962D-D0219DF1E932}.Release|x64.ActiveCfg = Development
		{34C36D73-E9DE-4D69-962D-D0219DF1E932}.Release|x64.Build.0 = Development
		{34C36D73-E9DE-4D69-962D-D0219DF1E932}.Release|x86.ActiveCfg = Development
		{34C36D73-E9DE-4D69-962D-D0219DF1E932}.Release|x86.Build.0 = Development
		{303D986C-B797-46EB-88A6-C7D1965A1E33}.Debug|Any CPU.ActiveCfg = Debug|Any CPU
		{303D986C-B797-46EB-88A6-C7D1965A1E33}.Debug|Any CPU.Build.0 = Debug|Any CPU
		{303D986C-B797-46EB-88A6-C7D1965A1E33}.Debug|Any CPU.Deploy.0 = Debug|Any CPU
		{303D986C-B797-46EB-88A6-C7D1965A1E33}.Debug|x64.ActiveCfg = Debug|Any CPU
		{303D986C-B797-46EB-88A6-C7D1965A1E33}.Debug|x64.Build.0 = Debug|Any CPU
		{303D986C-B797-46EB-88A6-C7D1965A1E33}.Debug|x64.Deploy.0 = Debug|Any CPU
		{303D986C-B797-46EB-88A6-C7D1965A1E33}.Debug|x86.ActiveCfg = Debug|Any CPU
		{303D986C-B797-46EB-88A6-C7D1965A1E33}.Debug|x86.Build.0 = Debug|Any CPU
		{303D986C-B797-46EB-88A6-C7D1965A1E33}.Debug|x86.Deploy.0 = Debug|Any CPU
		{303D986C-B797-46EB-88A6-C7D1965A1E33}.Development|Any CPU.ActiveCfg = Debug|Any CPU
		{303D986C-B797-46EB-88A6-C7D1965A1E33}.Development|Any CPU.Build.0 = Debug|Any CPU
		{303D986C-B797-46EB-88A6-C7D1965A1E33}.Development|Any CPU.Deploy.0 = Debug|Any CPU
		{303D986C-B797-46EB-88A6-C7D1965A1E33}.Development|x64.ActiveCfg = Debug|Any CPU
		{303D986C-B797-46EB-88A6-C7D1965A1E33}.Development|x64.Build.0 = Debug|Any CPU
		{303D986C-B797-46EB-88A6-C7D1965A1E33}.Development|x64.Deploy.0 = Debug|Any CPU
		{303D986C-B797-46EB-88A6-C7D1965A1E33}.Development|x86.ActiveCfg = Debug|Any CPU
		{303D986C-B797-46EB-88A6-C7D1965A1E33}.Development|x86.Build.0 = Debug|Any CPU
		{303D986C-B797-46EB-88A6-C7D1965A1E33}.Development|x86.Deploy.0 = Debug|Any CPU
		{303D986C-B797-46EB-88A6-C7D1965A1E33}.Release|Any CPU.ActiveCfg = Release|Any CPU
		{303D986C-B797-46EB-88A6-C7D1965A1E33}.Release|Any CPU.Build.0 = Release|Any CPU
		{303D986C-B797-46EB-88A6-C7D1965A1E33}.Release|Any CPU.Deploy.0 = Release|Any CPU
		{303D986C-B797-46EB-88A6-C7D1965A1E33}.Release|x64.ActiveCfg = Release|Any CPU
		{303D986C-B797-46EB-88A6-C7D1965A1E33}.Release|x64.Build.0 = Release|Any CPU
		{303D986C-B797-46EB-88A6-C7D1965A1E33}.Release|x64.Deploy.0 = Release|Any CPU
		{303D986C-B797-46EB-88A6-C7D1965A1E33}.Release|x86.ActiveCfg = Release|Any CPU
		{303D986C-B797-46EB-88A6-C7D1965A1E33}.Release|x86.Build.0 = Release|Any CPU
		{303D986C-B797-46EB-88A6-C7D1965A1E33}.Release|x86.Deploy.0 = Release|Any CPU
		{DAE4292C-0317-474D-B079-C77E77A54F46}.Debug|Any CPU.ActiveCfg = Development
		{DAE4292C-0317-474D-B079-C77E77A54F46}.Debug|Any CPU.Build.0 = Development
		{DAE4292C-0317-474D-B079-C77E77A54F46}.Debug|x64.ActiveCfg = Development
		{DAE4292C-0317-474D-B079-C77E77A54F46}.Debug|x64.Build.0 = Development
		{DAE4292C-0317-474D-B079-C77E77A54F46}.Debug|x86.ActiveCfg = Development
		{DAE4292C-0317-474D-B079-C77E77A54F46}.Debug|x86.Build.0 = Development
		{DAE4292C-0317-474D-B079-C77E77A54F46}.Development|Any CPU.ActiveCfg = Development
		{DAE4292C-0317-474D-B079-C77E77A54F46}.Development|Any CPU.Build.0 = Development
		{DAE4292C-0317-474D-B079-C77E77A54F46}.Development|x64.ActiveCfg = Development
		{DAE4292C-0317-474D-B079-C77E77A54F46}.Development|x64.Build.0 = Development
		{DAE4292C-0317-474D-B079-C77E77A54F46}.Development|x86.ActiveCfg = Development
		{DAE4292C-0317-474D-B079-C77E77A54F46}.Development|x86.Build.0 = Development
		{DAE4292C-0317-474D-B079-C77E77A54F46}.Release|Any CPU.ActiveCfg = Development
		{DAE4292C-0317-474D-B079-C77E77A54F46}.Release|Any CPU.Build.0 = Development
		{DAE4292C-0317-474D-B079-C77E77A54F46}.Release|x64.ActiveCfg = Development
		{DAE4292C-0317-474D-B079-C77E77A54F46}.Release|x64.Build.0 = Development
		{DAE4292C-0317-474D-B079-C77E77A54F46}.Release|x86.ActiveCfg = Development
		{DAE4292C-0317-474D-B079-C77E77A54F46}.Release|x86.Build.0 = Development
		{8128D503-07AB-40A5-9ED3-D5FB9E8CE623}.Debug|Any CPU.ActiveCfg = Debug|Any CPU
		{8128D503-07AB-40A5-9ED3-D5FB9E8CE623}.Debug|Any CPU.Build.0 = Debug|Any CPU
		{8128D503-07AB-40A5-9ED3-D5FB9E8CE623}.Debug|Any CPU.Deploy.0 = Debug|Any CPU
		{8128D503-07AB-40A5-9ED3-D5FB9E8CE623}.Debug|x64.ActiveCfg = Debug|Any CPU
		{8128D503-07AB-40A5-9ED3-D5FB9E8CE623}.Debug|x64.Build.0 = Debug|Any CPU
		{8128D503-07AB-40A5-9ED3-D5FB9E8CE623}.Debug|x64.Deploy.0 = Debug|Any CPU
		{8128D503-07AB-40A5-9ED3-D5FB9E8CE623}.Debug|x86.ActiveCfg = Debug|Any CPU
		{8128D503-07AB-40A5-9ED3-D5FB9E8CE623}.Debug|x86.Build.0 = Debug|Any CPU
		{8128D503-07AB-40A5-9ED3-D5FB9E8CE623}.Debug|x86.Deploy.0 = Debug|Any CPU
		{8128D503-07AB-40A5-9ED3-D5FB9E8CE623}.Development|Any CPU.ActiveCfg = Debug|Any CPU
		{8128D503-07AB-40A5-9ED3-D5FB9E8CE623}.Development|Any CPU.Build.0 = Debug|Any CPU
		{8128D503-07AB-40A5-9ED3-D5FB9E8CE623}.Development|Any CPU.Deploy.0 = Debug|Any CPU
		{8128D503-07AB-40A5-9ED3-D5FB9E8CE623}.Development|x64.ActiveCfg = Debug|Any CPU
		{8128D503-07AB-40A5-9ED3-D5FB9E8CE623}.Development|x64.Build.0 = Debug|Any CPU
		{8128D503-07AB-40A5-9ED3-D5FB9E8CE623}.Development|x64.Deploy.0 = Debug|Any CPU
		{8128D503-07AB-40A5-9ED3-D5FB9E8CE623}.Development|x86.ActiveCfg = Debug|Any CPU
		{8128D503-07AB-40A5-9ED3-D5FB9E8CE623}.Development|x86.Build.0 = Debug|Any CPU
		{8128D503-07AB-40A5-9ED3-D5FB9E8CE623}.Development|x86.Deploy.0 = Debug|Any CPU
		{8128D503-07AB-40A5-9ED3-D5FB9E8CE623}.Release|Any CPU.ActiveCfg = Release|Any CPU
		{8128D503-07AB-40A5-9ED3-D5FB9E8CE623}.Release|Any CPU.Build.0 = Release|Any CPU
		{8128D503-07AB-40A5-9ED3-D5FB9E8CE623}.Release|Any CPU.Deploy.0 = Release|Any CPU
		{8128D503-07AB-40A5-9ED3-D5FB9E8CE623}.Release|x64.ActiveCfg = Release|Any CPU
		{8128D503-07AB-40A5-9ED3-D5FB9E8CE623}.Release|x64.Build.0 = Release|Any CPU
		{8128D503-07AB-40A5-9ED3-D5FB9E8CE623}.Release|x64.Deploy.0 = Release|Any CPU
		{8128D503-07AB-40A5-9ED3-D5FB9E8CE623}.Release|x86.ActiveCfg = Release|Any CPU
		{8128D503-07AB-40A5-9ED3-D5FB9E8CE623}.Release|x86.Build.0 = Release|Any CPU
		{8128D503-07AB-40A5-9ED3-D5FB9E8CE623}.Release|x86.Deploy.0 = Release|Any CPU
		{A63EE00E-289C-4979-BA10-6B12C1986256}.Debug|Any CPU.ActiveCfg = Debug|Any CPU
		{A63EE00E-289C-4979-BA10-6B12C1986256}.Debug|Any CPU.Build.0 = Debug|Any CPU
		{A63EE00E-289C-4979-BA10-6B12C1986256}.Debug|x64.ActiveCfg = Debug|Any CPU
		{A63EE00E-289C-4979-BA10-6B12C1986256}.Debug|x64.Build.0 = Debug|Any CPU
		{A63EE00E-289C-4979-BA10-6B12C1986256}.Debug|x86.ActiveCfg = Debug|Any CPU
		{A63EE00E-289C-4979-BA10-6B12C1986256}.Debug|x86.Build.0 = Debug|Any CPU
		{A63EE00E-289C-4979-BA10-6B12C1986256}.Development|Any CPU.ActiveCfg = Debug|Any CPU
		{A63EE00E-289C-4979-BA10-6B12C1986256}.Development|Any CPU.Build.0 = Debug|Any CPU
		{A63EE00E-289C-4979-BA10-6B12C1986256}.Development|x64.ActiveCfg = Debug|Any CPU
		{A63EE00E-289C-4979-BA10-6B12C1986256}.Development|x64.Build.0 = Debug|Any CPU
		{A63EE00E-289C-4979-BA10-6B12C1986256}.Development|x86.ActiveCfg = Debug|Any CPU
		{A63EE00E-289C-4979-BA10-6B12C1986256}.Development|x86.Build.0 = Debug|Any CPU
		{A63EE00E-289C-4979-BA10-6B12C1986256}.Release|Any CPU.ActiveCfg = Release|Any CPU
		{A63EE00E-289C-4979-BA10-6B12C1986256}.Release|Any CPU.Build.0 = Release|Any CPU
		{A63EE00E-289C-4979-BA10-6B12C1986256}.Release|x64.ActiveCfg = Release|Any CPU
		{A63EE00E-289C-4979-BA10-6B12C1986256}.Release|x64.Build.0 = Release|Any CPU
		{A63EE00E-289C-4979-BA10-6B12C1986256}.Release|x86.ActiveCfg = Release|Any CPU
		{A63EE00E-289C-4979-BA10-6B12C1986256}.Release|x86.Build.0 = Release|Any CPU
		{3E08AC71-C53A-45BB-8985-DB14E0615D28}.Debug|Any CPU.ActiveCfg = Development
		{3E08AC71-C53A-45BB-8985-DB14E0615D28}.Debug|Any CPU.Build.0 = Development
		{3E08AC71-C53A-45BB-8985-DB14E0615D28}.Debug|x64.ActiveCfg = Development
		{3E08AC71-C53A-45BB-8985-DB14E0615D28}.Debug|x64.Build.0 = Development
		{3E08AC71-C53A-45BB-8985-DB14E0615D28}.Debug|x86.ActiveCfg = Development
		{3E08AC71-C53A-45BB-8985-DB14E0615D28}.Debug|x86.Build.0 = Development
		{3E08AC71-C53A-45BB-8985-DB14E0615D28}.Development|Any CPU.ActiveCfg = Development
		{3E08AC71-C53A-45BB-8985-DB14E0615D28}.Development|Any CPU.Build.0 = Development
		{3E08AC71-C53A-45BB-8985-DB14E0615D28}.Development|x64.ActiveCfg = Development
		{3E08AC71-C53A-45BB-8985-DB14E0615D28}.Development|x64.Build.0 = Development
		{3E08AC71-C53A-45BB-8985-DB14E0615D28}.Development|x86.ActiveCfg = Development
		{3E08AC71-C53A-45BB-8985-DB14E0615D28}.Development|x86.Build.0 = Development
		{3E08AC71-C53A-45BB-8985-DB14E0615D28}.Release|Any CPU.ActiveCfg = Development
		{3E08AC71-C53A-45BB-8985-DB14E0615D28}.Release|Any CPU.Build.0 = Development
		{3E08AC71-C53A-45BB-8985-DB14E0615D28}.Release|x64.ActiveCfg = Development
		{3E08AC71-C53A-45BB-8985-DB14E0615D28}.Release|x64.Build.0 = Development
		{3E08AC71-C53A-45BB-8985-DB14E0615D28}.Release|x86.ActiveCfg = Development
		{3E08AC71-C53A-45BB-8985-DB14E0615D28}.Release|x86.Build.0 = Development
		{298E84E4-A9A9-4BD7-96E6-752445F28D41}.Debug|Any CPU.ActiveCfg = Development
		{298E84E4-A9A9-4BD7-96E6-752445F28D41}.Debug|Any CPU.Build.0 = Development
		{298E84E4-A9A9-4BD7-96E6-752445F28D41}.Debug|x64.ActiveCfg = Development
		{298E84E4-A9A9-4BD7-96E6-752445F28D41}.Debug|x64.Build.0 = Development
		{298E84E4-A9A9-4BD7-96E6-752445F28D41}.Debug|x86.ActiveCfg = Development
		{298E84E4-A9A9-4BD7-96E6-752445F28D41}.Debug|x86.Build.0 = Development
		{298E84E4-A9A9-4BD7-96E6-752445F28D41}.Development|Any CPU.ActiveCfg = Development
		{298E84E4-A9A9-4BD7-96E6-752445F28D41}.Development|Any CPU.Build.0 = Development
		{298E84E4-A9A9-4BD7-96E6-752445F28D41}.Development|x64.ActiveCfg = Development
		{298E84E4-A9A9-4BD7-96E6-752445F28D41}.Development|x64.Build.0 = Development
		{298E84E4-A9A9-4BD7-96E6-752445F28D41}.Development|x86.ActiveCfg = Development
		{298E84E4-A9A9-4BD7-96E6-752445F28D41}.Development|x86.Build.0 = Development
		{298E84E4-A9A9-4BD7-96E6-752445F28D41}.Release|Any CPU.ActiveCfg = Development
		{298E84E4-A9A9-4BD7-96E6-752445F28D41}.Release|Any CPU.Build.0 = Development
		{298E84E4-A9A9-4BD7-96E6-752445F28D41}.Release|x64.ActiveCfg = Development
		{298E84E4-A9A9-4BD7-96E6-752445F28D41}.Release|x64.Build.0 = Development
		{298E84E4-A9A9-4BD7-96E6-752445F28D41}.Release|x86.ActiveCfg = Development
		{298E84E4-A9A9-4BD7-96E6-752445F28D41}.Release|x86.Build.0 = Development
		{38AE61C4-0CFD-49BB-B2F6-B475B2D0FFA3}.Debug|Any CPU.ActiveCfg = Development
		{38AE61C4-0CFD-49BB-B2F6-B475B2D0FFA3}.Debug|Any CPU.Build.0 = Development
		{38AE61C4-0CFD-49BB-B2F6-B475B2D0FFA3}.Debug|x64.ActiveCfg = Development
		{38AE61C4-0CFD-49BB-B2F6-B475B2D0FFA3}.Debug|x64.Build.0 = Development
		{38AE61C4-0CFD-49BB-B2F6-B475B2D0FFA3}.Debug|x86.ActiveCfg = Development
		{38AE61C4-0CFD-49BB-B2F6-B475B2D0FFA3}.Debug|x86.Build.0 = Development
		{38AE61C4-0CFD-49BB-B2F6-B475B2D0FFA3}.Development|Any CPU.ActiveCfg = Development
		{38AE61C4-0CFD-49BB-B2F6-B475B2D0FFA3}.Development|Any CPU.Build.0 = Development
		{38AE61C4-0CFD-49BB-B2F6-B475B2D0FFA3}.Development|x64.ActiveCfg = Development
		{38AE61C4-0CFD-49BB-B2F6-B475B2D0FFA3}.Development|x64.Build.0 = Development
		{38AE61C4-0CFD-49BB-B2F6-B475B2D0FFA3}.Development|x86.ActiveCfg = Development
		{38AE61C4-0CFD-49BB-B2F6-B475B2D0FFA3}.Development|x86.Build.0 = Development
		{38AE61C4-0CFD-49BB-B2F6-B475B2D0FFA3}.Release|Any CPU.ActiveCfg = Development
		{38AE61C4-0CFD-49BB-B2F6-B475B2D0FFA3}.Release|Any CPU.Build.0 = Development
		{38AE61C4-0CFD-49BB-B2F6-B475B2D0FFA3}.Release|x64.ActiveCfg = Development
		{38AE61C4-0CFD-49BB-B2F6-B475B2D0FFA3}.Release|x64.Build.0 = Development
		{38AE61C4-0CFD-49BB-B2F6-B475B2D0FFA3}.Release|x86.ActiveCfg = Development
		{38AE61C4-0CFD-49BB-B2F6-B475B2D0FFA3}.Release|x86.Build.0 = Development
		{FEF669CD-E639-4924-B40F-8510A90EC1CB}.Debug|Any CPU.ActiveCfg = Development
		{FEF669CD-E639-4924-B40F-8510A90EC1CB}.Debug|Any CPU.Build.0 = Development
		{FEF669CD-E639-4924-B40F-8510A90EC1CB}.Debug|x64.ActiveCfg = Development
		{FEF669CD-E639-4924-B40F-8510A90EC1CB}.Debug|x64.Build.0 = Development
		{FEF669CD-E639-4924-B40F-8510A90EC1CB}.Debug|x86.ActiveCfg = Development
		{FEF669CD-E639-4924-B40F-8510A90EC1CB}.Debug|x86.Build.0 = Development
		{FEF669CD-E639-4924-B40F-8510A90EC1CB}.Development|Any CPU.ActiveCfg = Development
		{FEF669CD-E639-4924-B40F-8510A90EC1CB}.Development|Any CPU.Build.0 = Development
		{FEF669CD-E639-4924-B40F-8510A90EC1CB}.Development|x64.ActiveCfg = Development
		{FEF669CD-E639-4924-B40F-8510A90EC1CB}.Development|x64.Build.0 = Development
		{FEF669CD-E639-4924-B40F-8510A90EC1CB}.Development|x86.ActiveCfg = Development
		{FEF669CD-E639-4924-B40F-8510A90EC1CB}.Development|x86.Build.0 = Development
		{FEF669CD-E639-4924-B40F-8510A90EC1CB}.Release|Any CPU.ActiveCfg = Development
		{FEF669CD-E639-4924-B40F-8510A90EC1CB}.Release|Any CPU.Build.0 = Development
		{FEF669CD-E639-4924-B40F-8510A90EC1CB}.Release|x64.ActiveCfg = Development
		{FEF669CD-E639-4924-B40F-8510A90EC1CB}.Release|x64.Build.0 = Development
		{FEF669CD-E639-4924-B40F-8510A90EC1CB}.Release|x86.ActiveCfg = Development
		{FEF669CD-E639-4924-B40F-8510A90EC1CB}.Release|x86.Build.0 = Development
		{91B51B7F-404C-40FF-8739-5BC62FD708BE}.Debug|Any CPU.ActiveCfg = Development
		{91B51B7F-404C-40FF-8739-5BC62FD708BE}.Debug|Any CPU.Build.0 = Development
		{91B51B7F-404C-40FF-8739-5BC62FD708BE}.Debug|x64.ActiveCfg = Development
		{91B51B7F-404C-40FF-8739-5BC62FD708BE}.Debug|x64.Build.0 = Development
		{91B51B7F-404C-40FF-8739-5BC62FD708BE}.Debug|x86.ActiveCfg = Development
		{91B51B7F-404C-40FF-8739-5BC62FD708BE}.Debug|x86.Build.0 = Development
		{91B51B7F-404C-40FF-8739-5BC62FD708BE}.Development|Any CPU.ActiveCfg = Development
		{91B51B7F-404C-40FF-8739-5BC62FD708BE}.Development|Any CPU.Build.0 = Development
		{91B51B7F-404C-40FF-8739-5BC62FD708BE}.Development|x64.ActiveCfg = Development
		{91B51B7F-404C-40FF-8739-5BC62FD708BE}.Development|x64.Build.0 = Development
		{91B51B7F-404C-40FF-8739-5BC62FD708BE}.Development|x86.ActiveCfg = Development
		{91B51B7F-404C-40FF-8739-5BC62FD708BE}.Development|x86.Build.0 = Development
		{91B51B7F-404C-40FF-8739-5BC62FD708BE}.Release|Any CPU.ActiveCfg = Development
		{91B51B7F-404C-40FF-8739-5BC62FD708BE}.Release|Any CPU.Build.0 = Development
		{91B51B7F-404C-40FF-8739-5BC62FD708BE}.Release|x64.ActiveCfg = Development
		{91B51B7F-404C-40FF-8739-5BC62FD708BE}.Release|x64.Build.0 = Development
		{91B51B7F-404C-40FF-8739-5BC62FD708BE}.Release|x86.ActiveCfg = Development
		{91B51B7F-404C-40FF-8739-5BC62FD708BE}.Release|x86.Build.0 = Development
		{D6477590-27EA-4309-AAEB-1C0EEF99E132}.Debug|Any CPU.ActiveCfg = Development
		{D6477590-27EA-4309-AAEB-1C0EEF99E132}.Debug|Any CPU.Build.0 = Development
		{D6477590-27EA-4309-AAEB-1C0EEF99E132}.Debug|x64.ActiveCfg = Development
		{D6477590-27EA-4309-AAEB-1C0EEF99E132}.Debug|x64.Build.0 = Development
		{D6477590-27EA-4309-AAEB-1C0EEF99E132}.Debug|x86.ActiveCfg = Development
		{D6477590-27EA-4309-AAEB-1C0EEF99E132}.Debug|x86.Build.0 = Development
		{D6477590-27EA-4309-AAEB-1C0EEF99E132}.Development|Any CPU.ActiveCfg = Development
		{D6477590-27EA-4309-AAEB-1C0EEF99E132}.Development|Any CPU.Build.0 = Development
		{D6477590-27EA-4309-AAEB-1C0EEF99E132}.Development|x64.ActiveCfg = Development
		{D6477590-27EA-4309-AAEB-1C0EEF99E132}.Development|x64.Build.0 = Development
		{D6477590-27EA-4309-AAEB-1C0EEF99E132}.Development|x86.ActiveCfg = Development
		{D6477590-27EA-4309-AAEB-1C0EEF99E132}.Development|x86.Build.0 = Development
		{D6477590-27EA-4309-AAEB-1C0EEF99E132}.Release|Any CPU.ActiveCfg = Development
		{D6477590-27EA-4309-AAEB-1C0EEF99E132}.Release|Any CPU.Build.0 = Development
		{D6477590-27EA-4309-AAEB-1C0EEF99E132}.Release|x64.ActiveCfg = Development
		{D6477590-27EA-4309-AAEB-1C0EEF99E132}.Release|x64.Build.0 = Development
		{D6477590-27EA-4309-AAEB-1C0EEF99E132}.Release|x86.ActiveCfg = Development
		{D6477590-27EA-4309-AAEB-1C0EEF99E132}.Release|x86.Build.0 = Development
		{07B6DB3E-5B7F-4D7E-A79C-E7398255F3A3}.Debug|Any CPU.ActiveCfg = Development
		{07B6DB3E-5B7F-4D7E-A79C-E7398255F3A3}.Debug|Any CPU.Build.0 = Development
		{07B6DB3E-5B7F-4D7E-A79C-E7398255F3A3}.Debug|x64.ActiveCfg = Development
		{07B6DB3E-5B7F-4D7E-A79C-E7398255F3A3}.Debug|x64.Build.0 = Development
		{07B6DB3E-5B7F-4D7E-A79C-E7398255F3A3}.Debug|x86.ActiveCfg = Development
		{07B6DB3E-5B7F-4D7E-A79C-E7398255F3A3}.Debug|x86.Build.0 = Development
		{07B6DB3E-5B7F-4D7E-A79C-E7398255F3A3}.Development|Any CPU.ActiveCfg = Development
		{07B6DB3E-5B7F-4D7E-A79C-E7398255F3A3}.Development|Any CPU.Build.0 = Development
		{07B6DB3E-5B7F-4D7E-A79C-E7398255F3A3}.Development|x64.ActiveCfg = Development
		{07B6DB3E-5B7F-4D7E-A79C-E7398255F3A3}.Development|x64.Build.0 = Development
		{07B6DB3E-5B7F-4D7E-A79C-E7398255F3A3}.Development|x86.ActiveCfg = Development
		{07B6DB3E-5B7F-4D7E-A79C-E7398255F3A3}.Development|x86.Build.0 = Development
		{07B6DB3E-5B7F-4D7E-A79C-E7398255F3A3}.Release|Any CPU.ActiveCfg = Development
		{07B6DB3E-5B7F-4D7E-A79C-E7398255F3A3}.Release|Any CPU.Build.0 = Development
		{07B6DB3E-5B7F-4D7E-A79C-E7398255F3A3}.Release|x64.ActiveCfg = Development
		{07B6DB3E-5B7F-4D7E-A79C-E7398255F3A3}.Release|x64.Build.0 = Development
		{07B6DB3E-5B7F-4D7E-A79C-E7398255F3A3}.Release|x86.ActiveCfg = Development
		{07B6DB3E-5B7F-4D7E-A79C-E7398255F3A3}.Release|x86.Build.0 = Development
		{4A75AE60-8BB9-4F1A-89A0-D7D52F8E185C}.Debug|Any CPU.ActiveCfg = Development
		{4A75AE60-8BB9-4F1A-89A0-D7D52F8E185C}.Debug|Any CPU.Build.0 = Development
		{4A75AE60-8BB9-4F1A-89A0-D7D52F8E185C}.Debug|x64.ActiveCfg = Development
		{4A75AE60-8BB9-4F1A-89A0-D7D52F8E185C}.Debug|x64.Build.0 = Development
		{4A75AE60-8BB9-4F1A-89A0-D7D52F8E185C}.Debug|x86.ActiveCfg = Development
		{4A75AE60-8BB9-4F1A-89A0-D7D52F8E185C}.Debug|x86.Build.0 = Development
		{4A75AE60-8BB9-4F1A-89A0-D7D52F8E185C}.Development|Any CPU.ActiveCfg = Development
		{4A75AE60-8BB9-4F1A-89A0-D7D52F8E185C}.Development|Any CPU.Build.0 = Development
		{4A75AE60-8BB9-4F1A-89A0-D7D52F8E185C}.Development|x64.ActiveCfg = Development
		{4A75AE60-8BB9-4F1A-89A0-D7D52F8E185C}.Development|x64.Build.0 = Development
		{4A75AE60-8BB9-4F1A-89A0-D7D52F8E185C}.Development|x86.ActiveCfg = Development
		{4A75AE60-8BB9-4F1A-89A0-D7D52F8E185C}.Development|x86.Build.0 = Development
		{4A75AE60-8BB9-4F1A-89A0-D7D52F8E185C}.Release|Any CPU.ActiveCfg = Development
		{4A75AE60-8BB9-4F1A-89A0-D7D52F8E185C}.Release|Any CPU.Build.0 = Development
		{4A75AE60-8BB9-4F1A-89A0-D7D52F8E185C}.Release|x64.ActiveCfg = Development
		{4A75AE60-8BB9-4F1A-89A0-D7D52F8E185C}.Release|x64.Build.0 = Development
		{4A75AE60-8BB9-4F1A-89A0-D7D52F8E185C}.Release|x86.ActiveCfg = Development
		{4A75AE60-8BB9-4F1A-89A0-D7D52F8E185C}.Release|x86.Build.0 = Development
		{92A4C530-784B-408E-9B8F-3C24FC8465E2}.Debug|Any CPU.ActiveCfg = Development
		{92A4C530-784B-408E-9B8F-3C24FC8465E2}.Debug|Any CPU.Build.0 = Development
		{92A4C530-784B-408E-9B8F-3C24FC8465E2}.Debug|x64.ActiveCfg = Development
		{92A4C530-784B-408E-9B8F-3C24FC8465E2}.Debug|x64.Build.0 = Development
		{92A4C530-784B-408E-9B8F-3C24FC8465E2}.Debug|x86.ActiveCfg = Development
		{92A4C530-784B-408E-9B8F-3C24FC8465E2}.Debug|x86.Build.0 = Development
		{92A4C530-784B-408E-9B8F-3C24FC8465E2}.Development|Any CPU.ActiveCfg = Development
		{92A4C530-784B-408E-9B8F-3C24FC8465E2}.Development|Any CPU.Build.0 = Development
		{92A4C530-784B-408E-9B8F-3C24FC8465E2}.Development|x64.ActiveCfg = Development
		{92A4C530-784B-408E-9B8F-3C24FC8465E2}.Development|x64.Build.0 = Development
		{92A4C530-784B-408E-9B8F-3C24FC8465E2}.Development|x86.ActiveCfg = Development
		{92A4C530-784B-408E-9B8F-3C24FC8465E2}.Development|x86.Build.0 = Development
		{92A4C530-784B-408E-9B8F-3C24FC8465E2}.Release|Any CPU.ActiveCfg = Development
		{92A4C530-784B-408E-9B8F-3C24FC8465E2}.Release|Any CPU.Build.0 = Development
		{92A4C530-784B-408E-9B8F-3C24FC8465E2}.Release|x64.ActiveCfg = Development
		{92A4C530-784B-408E-9B8F-3C24FC8465E2}.Release|x64.Build.0 = Development
		{92A4C530-784B-408E-9B8F-3C24FC8465E2}.Release|x86.ActiveCfg = Development
		{92A4C530-784B-408E-9B8F-3C24FC8465E2}.Release|x86.Build.0 = Development
		{54770865-87DF-4C5B-B174-1F7FDA4C6640}.Debug|Any CPU.ActiveCfg = Development
		{54770865-87DF-4C5B-B174-1F7FDA4C6640}.Debug|Any CPU.Build.0 = Development
		{54770865-87DF-4C5B-B174-1F7FDA4C6640}.Debug|x64.ActiveCfg = Development
		{54770865-87DF-4C5B-B174-1F7FDA4C6640}.Debug|x64.Build.0 = Development
		{54770865-87DF-4C5B-B174-1F7FDA4C6640}.Debug|x86.ActiveCfg = Development
		{54770865-87DF-4C5B-B174-1F7FDA4C6640}.Debug|x86.Build.0 = Development
		{54770865-87DF-4C5B-B174-1F7FDA4C6640}.Development|Any CPU.ActiveCfg = Development
		{54770865-87DF-4C5B-B174-1F7FDA4C6640}.Development|Any CPU.Build.0 = Development
		{54770865-87DF-4C5B-B174-1F7FDA4C6640}.Development|x64.ActiveCfg = Development
		{54770865-87DF-4C5B-B174-1F7FDA4C6640}.Development|x64.Build.0 = Development
		{54770865-87DF-4C5B-B174-1F7FDA4C6640}.Development|x86.ActiveCfg = Development
		{54770865-87DF-4C5B-B174-1F7FDA4C6640}.Development|x86.Build.0 = Development
		{54770865-87DF-4C5B-B174-1F7FDA4C6640}.Release|Any CPU.ActiveCfg = Development
		{54770865-87DF-4C5B-B174-1F7FDA4C6640}.Release|Any CPU.Build.0 = Development
		{54770865-87DF-4C5B-B174-1F7FDA4C6640}.Release|x64.ActiveCfg = Development
		{54770865-87DF-4C5B-B174-1F7FDA4C6640}.Release|x64.Build.0 = Development
		{54770865-87DF-4C5B-B174-1F7FDA4C6640}.Release|x86.ActiveCfg = Development
		{54770865-87DF-4C5B-B174-1F7FDA4C6640}.Release|x86.Build.0 = Development
		{AB4C9F30-9F2C-442F-BED1-389BC7146A91}.Debug|Any CPU.ActiveCfg = Development
		{AB4C9F30-9F2C-442F-BED1-389BC7146A91}.Debug|Any CPU.Build.0 = Development
		{AB4C9F30-9F2C-442F-BED1-389BC7146A91}.Debug|x64.ActiveCfg = Development
		{AB4C9F30-9F2C-442F-BED1-389BC7146A91}.Debug|x64.Build.0 = Development
		{AB4C9F30-9F2C-442F-BED1-389BC7146A91}.Debug|x86.ActiveCfg = Development
		{AB4C9F30-9F2C-442F-BED1-389BC7146A91}.Debug|x86.Build.0 = Development
		{AB4C9F30-9F2C-442F-BED1-389BC7146A91}.Development|Any CPU.ActiveCfg = Development
		{AB4C9F30-9F2C-442F-BED1-389BC7146A91}.Development|Any CPU.Build.0 = Development
		{AB4C9F30-9F2C-442F-BED1-389BC7146A91}.Development|x64.ActiveCfg = Development
		{AB4C9F30-9F2C-442F-BED1-389BC7146A91}.Development|x64.Build.0 = Development
		{AB4C9F30-9F2C-442F-BED1-389BC7146A91}.Development|x86.ActiveCfg = Development
		{AB4C9F30-9F2C-442F-BED1-389BC7146A91}.Development|x86.Build.0 = Development
		{AB4C9F30-9F2C-442F-BED1-389BC7146A91}.Release|Any CPU.ActiveCfg = Development
		{AB4C9F30-9F2C-442F-BED1-389BC7146A91}.Release|Any CPU.Build.0 = Development
		{AB4C9F30-9F2C-442F-BED1-389BC7146A91}.Release|x64.ActiveCfg = Development
		{AB4C9F30-9F2C-442F-BED1-389BC7146A91}.Release|x64.Build.0 = Development
		{AB4C9F30-9F2C-442F-BED1-389BC7146A91}.Release|x86.ActiveCfg = Development
		{AB4C9F30-9F2C-442F-BED1-389BC7146A91}.Release|x86.Build.0 = Development
		{19D5F6C2-D23E-4B86-9E06-24E50FA0823E}.Debug|Any CPU.ActiveCfg = Development
		{19D5F6C2-D23E-4B86-9E06-24E50FA0823E}.Debug|Any CPU.Build.0 = Development
		{19D5F6C2-D23E-4B86-9E06-24E50FA0823E}.Debug|x64.ActiveCfg = Development
		{19D5F6C2-D23E-4B86-9E06-24E50FA0823E}.Debug|x64.Build.0 = Development
		{19D5F6C2-D23E-4B86-9E06-24E50FA0823E}.Debug|x86.ActiveCfg = Development
		{19D5F6C2-D23E-4B86-9E06-24E50FA0823E}.Debug|x86.Build.0 = Development
		{19D5F6C2-D23E-4B86-9E06-24E50FA0823E}.Development|Any CPU.ActiveCfg = Development
		{19D5F6C2-D23E-4B86-9E06-24E50FA0823E}.Development|Any CPU.Build.0 = Development
		{19D5F6C2-D23E-4B86-9E06-24E50FA0823E}.Development|x64.ActiveCfg = Development
		{19D5F6C2-D23E-4B86-9E06-24E50FA0823E}.Development|x64.Build.0 = Development
		{19D5F6C2-D23E-4B86-9E06-24E50FA0823E}.Development|x86.ActiveCfg = Development
		{19D5F6C2-D23E-4B86-9E06-24E50FA0823E}.Development|x86.Build.0 = Development
		{19D5F6C2-D23E-4B86-9E06-24E50FA0823E}.Release|Any CPU.ActiveCfg = Development
		{19D5F6C2-D23E-4B86-9E06-24E50FA0823E}.Release|Any CPU.Build.0 = Development
		{19D5F6C2-D23E-4B86-9E06-24E50FA0823E}.Release|x64.ActiveCfg = Development
		{19D5F6C2-D23E-4B86-9E06-24E50FA0823E}.Release|x64.Build.0 = Development
		{19D5F6C2-D23E-4B86-9E06-24E50FA0823E}.Release|x86.ActiveCfg = Development
		{19D5F6C2-D23E-4B86-9E06-24E50FA0823E}.Release|x86.Build.0 = Development
		{C7F3B979-64CE-43DC-896C-AE55944EA832}.Debug|Any CPU.ActiveCfg = Development
		{C7F3B979-64CE-43DC-896C-AE55944EA832}.Debug|Any CPU.Build.0 = Development
		{C7F3B979-64CE-43DC-896C-AE55944EA832}.Debug|x64.ActiveCfg = Development
		{C7F3B979-64CE-43DC-896C-AE55944EA832}.Debug|x64.Build.0 = Development
		{C7F3B979-64CE-43DC-896C-AE55944EA832}.Debug|x86.ActiveCfg = Development
		{C7F3B979-64CE-43DC-896C-AE55944EA832}.Debug|x86.Build.0 = Development
		{C7F3B979-64CE-43DC-896C-AE55944EA832}.Development|Any CPU.ActiveCfg = Development
		{C7F3B979-64CE-43DC-896C-AE55944EA832}.Development|Any CPU.Build.0 = Development
		{C7F3B979-64CE-43DC-896C-AE55944EA832}.Development|x64.ActiveCfg = Development
		{C7F3B979-64CE-43DC-896C-AE55944EA832}.Development|x64.Build.0 = Development
		{C7F3B979-64CE-43DC-896C-AE55944EA832}.Development|x86.ActiveCfg = Development
		{C7F3B979-64CE-43DC-896C-AE55944EA832}.Development|x86.Build.0 = Development
		{C7F3B979-64CE-43DC-896C-AE55944EA832}.Release|Any CPU.ActiveCfg = Development
		{C7F3B979-64CE-43DC-896C-AE55944EA832}.Release|Any CPU.Build.0 = Development
		{C7F3B979-64CE-43DC-896C-AE55944EA832}.Release|x64.ActiveCfg = Development
		{C7F3B979-64CE-43DC-896C-AE55944EA832}.Release|x64.Build.0 = Development
		{C7F3B979-64CE-43DC-896C-AE55944EA832}.Release|x86.ActiveCfg = Development
		{C7F3B979-64CE-43DC-896C-AE55944EA832}.Release|x86.Build.0 = Development
		{EFA9CD92-0A8C-4300-A64D-2D2D44E49E09}.Debug|Any CPU.ActiveCfg = Development
		{EFA9CD92-0A8C-4300-A64D-2D2D44E49E09}.Debug|Any CPU.Build.0 = Development
		{EFA9CD92-0A8C-4300-A64D-2D2D44E49E09}.Debug|x64.ActiveCfg = Development
		{EFA9CD92-0A8C-4300-A64D-2D2D44E49E09}.Debug|x64.Build.0 = Development
		{EFA9CD92-0A8C-4300-A64D-2D2D44E49E09}.Debug|x86.ActiveCfg = Development
		{EFA9CD92-0A8C-4300-A64D-2D2D44E49E09}.Debug|x86.Build.0 = Development
		{EFA9CD92-0A8C-4300-A64D-2D2D44E49E09}.Development|Any CPU.ActiveCfg = Development
		{EFA9CD92-0A8C-4300-A64D-2D2D44E49E09}.Development|Any CPU.Build.0 = Development
		{EFA9CD92-0A8C-4300-A64D-2D2D44E49E09}.Development|x64.ActiveCfg = Development
		{EFA9CD92-0A8C-4300-A64D-2D2D44E49E09}.Development|x64.Build.0 = Development
		{EFA9CD92-0A8C-4300-A64D-2D2D44E49E09}.Development|x86.ActiveCfg = Development
		{EFA9CD92-0A8C-4300-A64D-2D2D44E49E09}.Development|x86.Build.0 = Development
		{EFA9CD92-0A8C-4300-A64D-2D2D44E49E09}.Release|Any CPU.ActiveCfg = Development
		{EFA9CD92-0A8C-4300-A64D-2D2D44E49E09}.Release|Any CPU.Build.0 = Development
		{EFA9CD92-0A8C-4300-A64D-2D2D44E49E09}.Release|x64.ActiveCfg = Development
		{EFA9CD92-0A8C-4300-A64D-2D2D44E49E09}.Release|x64.Build.0 = Development
		{EFA9CD92-0A8C-4300-A64D-2D2D44E49E09}.Release|x86.ActiveCfg = Development
		{EFA9CD92-0A8C-4300-A64D-2D2D44E49E09}.Release|x86.Build.0 = Development
		{5DBCA04D-953D-47CE-AFA5-3023F5976208}.Debug|Any CPU.ActiveCfg = Development
		{5DBCA04D-953D-47CE-AFA5-3023F5976208}.Debug|Any CPU.Build.0 = Development
		{5DBCA04D-953D-47CE-AFA5-3023F5976208}.Debug|x64.ActiveCfg = Development
		{5DBCA04D-953D-47CE-AFA5-3023F5976208}.Debug|x64.Build.0 = Development
		{5DBCA04D-953D-47CE-AFA5-3023F5976208}.Debug|x86.ActiveCfg = Development
		{5DBCA04D-953D-47CE-AFA5-3023F5976208}.Debug|x86.Build.0 = Development
		{5DBCA04D-953D-47CE-AFA5-3023F5976208}.Development|Any CPU.ActiveCfg = Development
		{5DBCA04D-953D-47CE-AFA5-3023F5976208}.Development|Any CPU.Build.0 = Development
		{5DBCA04D-953D-47CE-AFA5-3023F5976208}.Development|x64.ActiveCfg = Development
		{5DBCA04D-953D-47CE-AFA5-3023F5976208}.Development|x64.Build.0 = Development
		{5DBCA04D-953D-47CE-AFA5-3023F5976208}.Development|x86.ActiveCfg = Development
		{5DBCA04D-953D-47CE-AFA5-3023F5976208}.Development|x86.Build.0 = Development
		{5DBCA04D-953D-47CE-AFA5-3023F5976208}.Release|Any CPU.ActiveCfg = Development
		{5DBCA04D-953D-47CE-AFA5-3023F5976208}.Release|Any CPU.Build.0 = Development
		{5DBCA04D-953D-47CE-AFA5-3023F5976208}.Release|x64.ActiveCfg = Development
		{5DBCA04D-953D-47CE-AFA5-3023F5976208}.Release|x64.Build.0 = Development
		{5DBCA04D-953D-47CE-AFA5-3023F5976208}.Release|x86.ActiveCfg = Development
		{5DBCA04D-953D-47CE-AFA5-3023F5976208}.Release|x86.Build.0 = Development
		{4B71EFD8-155D-4FA0-9582-A0B2270150D1}.Debug|Any CPU.ActiveCfg = Development
		{4B71EFD8-155D-4FA0-9582-A0B2270150D1}.Debug|Any CPU.Build.0 = Development
		{4B71EFD8-155D-4FA0-9582-A0B2270150D1}.Debug|x64.ActiveCfg = Development
		{4B71EFD8-155D-4FA0-9582-A0B2270150D1}.Debug|x64.Build.0 = Development
		{4B71EFD8-155D-4FA0-9582-A0B2270150D1}.Debug|x86.ActiveCfg = Development
		{4B71EFD8-155D-4FA0-9582-A0B2270150D1}.Debug|x86.Build.0 = Development
		{4B71EFD8-155D-4FA0-9582-A0B2270150D1}.Development|Any CPU.ActiveCfg = Development
		{4B71EFD8-155D-4FA0-9582-A0B2270150D1}.Development|Any CPU.Build.0 = Development
		{4B71EFD8-155D-4FA0-9582-A0B2270150D1}.Development|x64.ActiveCfg = Development
		{4B71EFD8-155D-4FA0-9582-A0B2270150D1}.Development|x64.Build.0 = Development
		{4B71EFD8-155D-4FA0-9582-A0B2270150D1}.Development|x86.ActiveCfg = Development
		{4B71EFD8-155D-4FA0-9582-A0B2270150D1}.Development|x86.Build.0 = Development
		{4B71EFD8-155D-4FA0-9582-A0B2270150D1}.Release|Any CPU.ActiveCfg = Development
		{4B71EFD8-155D-4FA0-9582-A0B2270150D1}.Release|Any CPU.Build.0 = Development
		{4B71EFD8-155D-4FA0-9582-A0B2270150D1}.Release|x64.ActiveCfg = Development
		{4B71EFD8-155D-4FA0-9582-A0B2270150D1}.Release|x64.Build.0 = Development
		{4B71EFD8-155D-4FA0-9582-A0B2270150D1}.Release|x86.ActiveCfg = Development
		{4B71EFD8-155D-4FA0-9582-A0B2270150D1}.Release|x86.Build.0 = Development
		{3333B57C-B427-4510-B93F-9FE13E8EAC07}.Debug|Any CPU.ActiveCfg = Development
		{3333B57C-B427-4510-B93F-9FE13E8EAC07}.Debug|Any CPU.Build.0 = Development
		{3333B57C-B427-4510-B93F-9FE13E8EAC07}.Debug|x64.ActiveCfg = Development
		{3333B57C-B427-4510-B93F-9FE13E8EAC07}.Debug|x64.Build.0 = Development
		{3333B57C-B427-4510-B93F-9FE13E8EAC07}.Debug|x86.ActiveCfg = Development
		{3333B57C-B427-4510-B93F-9FE13E8EAC07}.Debug|x86.Build.0 = Development
		{3333B57C-B427-4510-B93F-9FE13E8EAC07}.Development|Any CPU.ActiveCfg = Development
		{3333B57C-B427-4510-B93F-9FE13E8EAC07}.Development|Any CPU.Build.0 = Development
		{3333B57C-B427-4510-B93F-9FE13E8EAC07}.Development|x64.ActiveCfg = Development
		{3333B57C-B427-4510-B93F-9FE13E8EAC07}.Development|x64.Build.0 = Development
		{3333B57C-B427-4510-B93F-9FE13E8EAC07}.Development|x86.ActiveCfg = Development
		{3333B57C-B427-4510-B93F-9FE13E8EAC07}.Development|x86.Build.0 = Development
		{3333B57C-B427-4510-B93F-9FE13E8EAC07}.Release|Any CPU.ActiveCfg = Development
		{3333B57C-B427-4510-B93F-9FE13E8EAC07}.Release|Any CPU.Build.0 = Development
		{3333B57C-B427-4510-B93F-9FE13E8EAC07}.Release|x64.ActiveCfg = Development
		{3333B57C-B427-4510-B93F-9FE13E8EAC07}.Release|x64.Build.0 = Development
		{3333B57C-B427-4510-B93F-9FE13E8EAC07}.Release|x86.ActiveCfg = Development
		{3333B57C-B427-4510-B93F-9FE13E8EAC07}.Release|x86.Build.0 = Development
		{48805CE8-88B7-48E9-B06A-7052458E73B7}.Debug|Any CPU.ActiveCfg = Development
		{48805CE8-88B7-48E9-B06A-7052458E73B7}.Debug|Any CPU.Build.0 = Development
		{48805CE8-88B7-48E9-B06A-7052458E73B7}.Debug|x64.ActiveCfg = Development
		{48805CE8-88B7-48E9-B06A-7052458E73B7}.Debug|x64.Build.0 = Development
		{48805CE8-88B7-48E9-B06A-7052458E73B7}.Debug|x86.ActiveCfg = Development
		{48805CE8-88B7-48E9-B06A-7052458E73B7}.Debug|x86.Build.0 = Development
		{48805CE8-88B7-48E9-B06A-7052458E73B7}.Development|Any CPU.ActiveCfg = Development
		{48805CE8-88B7-48E9-B06A-7052458E73B7}.Development|Any CPU.Build.0 = Development
		{48805CE8-88B7-48E9-B06A-7052458E73B7}.Development|x64.ActiveCfg = Development
		{48805CE8-88B7-48E9-B06A-7052458E73B7}.Development|x64.Build.0 = Development
		{48805CE8-88B7-48E9-B06A-7052458E73B7}.Development|x86.ActiveCfg = Development
		{48805CE8-88B7-48E9-B06A-7052458E73B7}.Development|x86.Build.0 = Development
		{48805CE8-88B7-48E9-B06A-7052458E73B7}.Release|Any CPU.ActiveCfg = Development
		{48805CE8-88B7-48E9-B06A-7052458E73B7}.Release|Any CPU.Build.0 = Development
		{48805CE8-88B7-48E9-B06A-7052458E73B7}.Release|x64.ActiveCfg = Development
		{48805CE8-88B7-48E9-B06A-7052458E73B7}.Release|x64.Build.0 = Development
		{48805CE8-88B7-48E9-B06A-7052458E73B7}.Release|x86.ActiveCfg = Development
		{48805CE8-88B7-48E9-B06A-7052458E73B7}.Release|x86.Build.0 = Development
		{EF9AB548-3065-43D5-BC48-8A3C770782F9}.Debug|Any CPU.ActiveCfg = Development
		{EF9AB548-3065-43D5-BC48-8A3C770782F9}.Debug|Any CPU.Build.0 = Development
		{EF9AB548-3065-43D5-BC48-8A3C770782F9}.Debug|x64.ActiveCfg = Development
		{EF9AB548-3065-43D5-BC48-8A3C770782F9}.Debug|x64.Build.0 = Development
		{EF9AB548-3065-43D5-BC48-8A3C770782F9}.Debug|x86.ActiveCfg = Development
		{EF9AB548-3065-43D5-BC48-8A3C770782F9}.Debug|x86.Build.0 = Development
		{EF9AB548-3065-43D5-BC48-8A3C770782F9}.Development|Any CPU.ActiveCfg = Development
		{EF9AB548-3065-43D5-BC48-8A3C770782F9}.Development|Any CPU.Build.0 = Development
		{EF9AB548-3065-43D5-BC48-8A3C770782F9}.Development|x64.ActiveCfg = Development
		{EF9AB548-3065-43D5-BC48-8A3C770782F9}.Development|x64.Build.0 = Development
		{EF9AB548-3065-43D5-BC48-8A3C770782F9}.Development|x86.ActiveCfg = Development
		{EF9AB548-3065-43D5-BC48-8A3C770782F9}.Development|x86.Build.0 = Development
		{EF9AB548-3065-43D5-BC48-8A3C770782F9}.Release|Any CPU.ActiveCfg = Development
		{EF9AB548-3065-43D5-BC48-8A3C770782F9}.Release|Any CPU.Build.0 = Development
		{EF9AB548-3065-43D5-BC48-8A3C770782F9}.Release|x64.ActiveCfg = Development
		{EF9AB548-3065-43D5-BC48-8A3C770782F9}.Release|x64.Build.0 = Development
		{EF9AB548-3065-43D5-BC48-8A3C770782F9}.Release|x86.ActiveCfg = Development
		{EF9AB548-3065-43D5-BC48-8A3C770782F9}.Release|x86.Build.0 = Development
		{A4FC8D5C-7F73-4EB4-BADC-D80CD454B0D3}.Debug|Any CPU.ActiveCfg = Development
		{A4FC8D5C-7F73-4EB4-BADC-D80CD454B0D3}.Debug|Any CPU.Build.0 = Development
		{A4FC8D5C-7F73-4EB4-BADC-D80CD454B0D3}.Debug|x64.ActiveCfg = Development
		{A4FC8D5C-7F73-4EB4-BADC-D80CD454B0D3}.Debug|x64.Build.0 = Development
		{A4FC8D5C-7F73-4EB4-BADC-D80CD454B0D3}.Debug|x86.ActiveCfg = Development
		{A4FC8D5C-7F73-4EB4-BADC-D80CD454B0D3}.Debug|x86.Build.0 = Development
		{A4FC8D5C-7F73-4EB4-BADC-D80CD454B0D3}.Development|Any CPU.ActiveCfg = Development
		{A4FC8D5C-7F73-4EB4-BADC-D80CD454B0D3}.Development|Any CPU.Build.0 = Development
		{A4FC8D5C-7F73-4EB4-BADC-D80CD454B0D3}.Development|x64.ActiveCfg = Development
		{A4FC8D5C-7F73-4EB4-BADC-D80CD454B0D3}.Development|x64.Build.0 = Development
		{A4FC8D5C-7F73-4EB4-BADC-D80CD454B0D3}.Development|x86.ActiveCfg = Development
		{A4FC8D5C-7F73-4EB4-BADC-D80CD454B0D3}.Development|x86.Build.0 = Development
		{A4FC8D5C-7F73-4EB4-BADC-D80CD454B0D3}.Release|Any CPU.ActiveCfg = Development
		{A4FC8D5C-7F73-4EB4-BADC-D80CD454B0D3}.Release|Any CPU.Build.0 = Development
		{A4FC8D5C-7F73-4EB4-BADC-D80CD454B0D3}.Release|x64.ActiveCfg = Development
		{A4FC8D5C-7F73-4EB4-BADC-D80CD454B0D3}.Release|x64.Build.0 = Development
		{A4FC8D5C-7F73-4EB4-BADC-D80CD454B0D3}.Release|x86.ActiveCfg = Development
		{A4FC8D5C-7F73-4EB4-BADC-D80CD454B0D3}.Release|x86.Build.0 = Development
		{7BA6C63A-1576-4039-9D0E-01E74E368138}.Debug|Any CPU.ActiveCfg = Development
		{7BA6C63A-1576-4039-9D0E-01E74E368138}.Debug|Any CPU.Build.0 = Development
		{7BA6C63A-1576-4039-9D0E-01E74E368138}.Debug|x64.ActiveCfg = Development
		{7BA6C63A-1576-4039-9D0E-01E74E368138}.Debug|x64.Build.0 = Development
		{7BA6C63A-1576-4039-9D0E-01E74E368138}.Debug|x86.ActiveCfg = Development
		{7BA6C63A-1576-4039-9D0E-01E74E368138}.Debug|x86.Build.0 = Development
		{7BA6C63A-1576-4039-9D0E-01E74E368138}.Development|Any CPU.ActiveCfg = Development
		{7BA6C63A-1576-4039-9D0E-01E74E368138}.Development|Any CPU.Build.0 = Development
		{7BA6C63A-1576-4039-9D0E-01E74E368138}.Development|x64.ActiveCfg = Development
		{7BA6C63A-1576-4039-9D0E-01E74E368138}.Development|x64.Build.0 = Development
		{7BA6C63A-1576-4039-9D0E-01E74E368138}.Development|x86.ActiveCfg = Development
		{7BA6C63A-1576-4039-9D0E-01E74E368138}.Development|x86.Build.0 = Development
		{7BA6C63A-1576-4039-9D0E-01E74E368138}.Release|Any CPU.ActiveCfg = Development
		{7BA6C63A-1576-4039-9D0E-01E74E368138}.Release|Any CPU.Build.0 = Development
		{7BA6C63A-1576-4039-9D0E-01E74E368138}.Release|x64.ActiveCfg = Development
		{7BA6C63A-1576-4039-9D0E-01E74E368138}.Release|x64.Build.0 = Development
		{7BA6C63A-1576-4039-9D0E-01E74E368138}.Release|x86.ActiveCfg = Development
		{7BA6C63A-1576-4039-9D0E-01E74E368138}.Release|x86.Build.0 = Development
		{03EEBA1D-1493-4BC2-9900-73508B652568}.Debug|Any CPU.ActiveCfg = Development
		{03EEBA1D-1493-4BC2-9900-73508B652568}.Debug|Any CPU.Build.0 = Development
		{03EEBA1D-1493-4BC2-9900-73508B652568}.Debug|x64.ActiveCfg = Development
		{03EEBA1D-1493-4BC2-9900-73508B652568}.Debug|x64.Build.0 = Development
		{03EEBA1D-1493-4BC2-9900-73508B652568}.Debug|x86.ActiveCfg = Development
		{03EEBA1D-1493-4BC2-9900-73508B652568}.Debug|x86.Build.0 = Development
		{03EEBA1D-1493-4BC2-9900-73508B652568}.Development|Any CPU.ActiveCfg = Development
		{03EEBA1D-1493-4BC2-9900-73508B652568}.Development|Any CPU.Build.0 = Development
		{03EEBA1D-1493-4BC2-9900-73508B652568}.Development|x64.ActiveCfg = Development
		{03EEBA1D-1493-4BC2-9900-73508B652568}.Development|x64.Build.0 = Development
		{03EEBA1D-1493-4BC2-9900-73508B652568}.Development|x86.ActiveCfg = Development
		{03EEBA1D-1493-4BC2-9900-73508B652568}.Development|x86.Build.0 = Development
		{03EEBA1D-1493-4BC2-9900-73508B652568}.Release|Any CPU.ActiveCfg = Development
		{03EEBA1D-1493-4BC2-9900-73508B652568}.Release|Any CPU.Build.0 = Development
		{03EEBA1D-1493-4BC2-9900-73508B652568}.Release|x64.ActiveCfg = Development
		{03EEBA1D-1493-4BC2-9900-73508B652568}.Release|x64.Build.0 = Development
		{03EEBA1D-1493-4BC2-9900-73508B652568}.Release|x86.ActiveCfg = Development
		{03EEBA1D-1493-4BC2-9900-73508B652568}.Release|x86.Build.0 = Development
		{991FBF2D-50E4-45E4-AC92-5B8B5F9D4911}.Debug|Any CPU.ActiveCfg = Development
		{991FBF2D-50E4-45E4-AC92-5B8B5F9D4911}.Debug|Any CPU.Build.0 = Development
		{991FBF2D-50E4-45E4-AC92-5B8B5F9D4911}.Debug|x64.ActiveCfg = Development
		{991FBF2D-50E4-45E4-AC92-5B8B5F9D4911}.Debug|x64.Build.0 = Development
		{991FBF2D-50E4-45E4-AC92-5B8B5F9D4911}.Debug|x86.ActiveCfg = Development
		{991FBF2D-50E4-45E4-AC92-5B8B5F9D4911}.Debug|x86.Build.0 = Development
		{991FBF2D-50E4-45E4-AC92-5B8B5F9D4911}.Development|Any CPU.ActiveCfg = Development
		{991FBF2D-50E4-45E4-AC92-5B8B5F9D4911}.Development|Any CPU.Build.0 = Development
		{991FBF2D-50E4-45E4-AC92-5B8B5F9D4911}.Development|x64.ActiveCfg = Development
		{991FBF2D-50E4-45E4-AC92-5B8B5F9D4911}.Development|x64.Build.0 = Development
		{991FBF2D-50E4-45E4-AC92-5B8B5F9D4911}.Development|x86.ActiveCfg = Development
		{991FBF2D-50E4-45E4-AC92-5B8B5F9D4911}.Development|x86.Build.0 = Development
		{991FBF2D-50E4-45E4-AC92-5B8B5F9D4911}.Release|Any CPU.ActiveCfg = Development
		{991FBF2D-50E4-45E4-AC92-5B8B5F9D4911}.Release|Any CPU.Build.0 = Development
		{991FBF2D-50E4-45E4-AC92-5B8B5F9D4911}.Release|x64.ActiveCfg = Development
		{991FBF2D-50E4-45E4-AC92-5B8B5F9D4911}.Release|x64.Build.0 = Development
		{991FBF2D-50E4-45E4-AC92-5B8B5F9D4911}.Release|x86.ActiveCfg = Development
		{991FBF2D-50E4-45E4-AC92-5B8B5F9D4911}.Release|x86.Build.0 = Development
		{7E674758-75B5-4BE2-98A9-FF13E3F73142}.Debug|Any CPU.ActiveCfg = Development
		{7E674758-75B5-4BE2-98A9-FF13E3F73142}.Debug|Any CPU.Build.0 = Development
		{7E674758-75B5-4BE2-98A9-FF13E3F73142}.Debug|x64.ActiveCfg = Development
		{7E674758-75B5-4BE2-98A9-FF13E3F73142}.Debug|x64.Build.0 = Development
		{7E674758-75B5-4BE2-98A9-FF13E3F73142}.Debug|x86.ActiveCfg = Development
		{7E674758-75B5-4BE2-98A9-FF13E3F73142}.Debug|x86.Build.0 = Development
		{7E674758-75B5-4BE2-98A9-FF13E3F73142}.Development|Any CPU.ActiveCfg = Development
		{7E674758-75B5-4BE2-98A9-FF13E3F73142}.Development|Any CPU.Build.0 = Development
		{7E674758-75B5-4BE2-98A9-FF13E3F73142}.Development|x64.ActiveCfg = Development
		{7E674758-75B5-4BE2-98A9-FF13E3F73142}.Development|x64.Build.0 = Development
		{7E674758-75B5-4BE2-98A9-FF13E3F73142}.Development|x86.ActiveCfg = Development
		{7E674758-75B5-4BE2-98A9-FF13E3F73142}.Development|x86.Build.0 = Development
		{7E674758-75B5-4BE2-98A9-FF13E3F73142}.Release|Any CPU.ActiveCfg = Development
		{7E674758-75B5-4BE2-98A9-FF13E3F73142}.Release|Any CPU.Build.0 = Development
		{7E674758-75B5-4BE2-98A9-FF13E3F73142}.Release|x64.ActiveCfg = Development
		{7E674758-75B5-4BE2-98A9-FF13E3F73142}.Release|x64.Build.0 = Development
		{7E674758-75B5-4BE2-98A9-FF13E3F73142}.Release|x86.ActiveCfg = Development
		{7E674758-75B5-4BE2-98A9-FF13E3F73142}.Release|x86.Build.0 = Development
		{1EA5C82A-F29D-4651-83D3-AB30F2D9EB0D}.Debug|Any CPU.ActiveCfg = Development
		{1EA5C82A-F29D-4651-83D3-AB30F2D9EB0D}.Debug|Any CPU.Build.0 = Development
		{1EA5C82A-F29D-4651-83D3-AB30F2D9EB0D}.Debug|x64.ActiveCfg = Development
		{1EA5C82A-F29D-4651-83D3-AB30F2D9EB0D}.Debug|x64.Build.0 = Development
		{1EA5C82A-F29D-4651-83D3-AB30F2D9EB0D}.Debug|x86.ActiveCfg = Development
		{1EA5C82A-F29D-4651-83D3-AB30F2D9EB0D}.Debug|x86.Build.0 = Development
		{1EA5C82A-F29D-4651-83D3-AB30F2D9EB0D}.Development|Any CPU.ActiveCfg = Development
		{1EA5C82A-F29D-4651-83D3-AB30F2D9EB0D}.Development|Any CPU.Build.0 = Development
		{1EA5C82A-F29D-4651-83D3-AB30F2D9EB0D}.Development|x64.ActiveCfg = Development
		{1EA5C82A-F29D-4651-83D3-AB30F2D9EB0D}.Development|x64.Build.0 = Development
		{1EA5C82A-F29D-4651-83D3-AB30F2D9EB0D}.Development|x86.ActiveCfg = Development
		{1EA5C82A-F29D-4651-83D3-AB30F2D9EB0D}.Development|x86.Build.0 = Development
		{1EA5C82A-F29D-4651-83D3-AB30F2D9EB0D}.Release|Any CPU.ActiveCfg = Development
		{1EA5C82A-F29D-4651-83D3-AB30F2D9EB0D}.Release|Any CPU.Build.0 = Development
		{1EA5C82A-F29D-4651-83D3-AB30F2D9EB0D}.Release|x64.ActiveCfg = Development
		{1EA5C82A-F29D-4651-83D3-AB30F2D9EB0D}.Release|x64.Build.0 = Development
		{1EA5C82A-F29D-4651-83D3-AB30F2D9EB0D}.Release|x86.ActiveCfg = Development
		{1EA5C82A-F29D-4651-83D3-AB30F2D9EB0D}.Release|x86.Build.0 = Development
		{4AFFEE6E-3CE4-485D-90F5-1F59C70262DD}.Debug|Any CPU.ActiveCfg = Development
		{4AFFEE6E-3CE4-485D-90F5-1F59C70262DD}.Debug|Any CPU.Build.0 = Development
		{4AFFEE6E-3CE4-485D-90F5-1F59C70262DD}.Debug|x64.ActiveCfg = Development
		{4AFFEE6E-3CE4-485D-90F5-1F59C70262DD}.Debug|x64.Build.0 = Development
		{4AFFEE6E-3CE4-485D-90F5-1F59C70262DD}.Debug|x86.ActiveCfg = Development
		{4AFFEE6E-3CE4-485D-90F5-1F59C70262DD}.Debug|x86.Build.0 = Development
		{4AFFEE6E-3CE4-485D-90F5-1F59C70262DD}.Development|Any CPU.ActiveCfg = Development
		{4AFFEE6E-3CE4-485D-90F5-1F59C70262DD}.Development|Any CPU.Build.0 = Development
		{4AFFEE6E-3CE4-485D-90F5-1F59C70262DD}.Development|x64.ActiveCfg = Development
		{4AFFEE6E-3CE4-485D-90F5-1F59C70262DD}.Development|x64.Build.0 = Development
		{4AFFEE6E-3CE4-485D-90F5-1F59C70262DD}.Development|x86.ActiveCfg = Development
		{4AFFEE6E-3CE4-485D-90F5-1F59C70262DD}.Development|x86.Build.0 = Development
		{4AFFEE6E-3CE4-485D-90F5-1F59C70262DD}.Release|Any CPU.ActiveCfg = Development
		{4AFFEE6E-3CE4-485D-90F5-1F59C70262DD}.Release|Any CPU.Build.0 = Development
		{4AFFEE6E-3CE4-485D-90F5-1F59C70262DD}.Release|x64.ActiveCfg = Development
		{4AFFEE6E-3CE4-485D-90F5-1F59C70262DD}.Release|x64.Build.0 = Development
		{4AFFEE6E-3CE4-485D-90F5-1F59C70262DD}.Release|x86.ActiveCfg = Development
		{4AFFEE6E-3CE4-485D-90F5-1F59C70262DD}.Release|x86.Build.0 = Development
		{9F426B6C-7C92-4E23-94DF-F32E58D6F136}.Debug|Any CPU.ActiveCfg = Development
		{9F426B6C-7C92-4E23-94DF-F32E58D6F136}.Debug|Any CPU.Build.0 = Development
		{9F426B6C-7C92-4E23-94DF-F32E58D6F136}.Debug|x64.ActiveCfg = Development
		{9F426B6C-7C92-4E23-94DF-F32E58D6F136}.Debug|x64.Build.0 = Development
		{9F426B6C-7C92-4E23-94DF-F32E58D6F136}.Debug|x86.ActiveCfg = Development
		{9F426B6C-7C92-4E23-94DF-F32E58D6F136}.Debug|x86.Build.0 = Development
		{9F426B6C-7C92-4E23-94DF-F32E58D6F136}.Development|Any CPU.ActiveCfg = Development
		{9F426B6C-7C92-4E23-94DF-F32E58D6F136}.Development|Any CPU.Build.0 = Development
		{9F426B6C-7C92-4E23-94DF-F32E58D6F136}.Development|x64.ActiveCfg = Development
		{9F426B6C-7C92-4E23-94DF-F32E58D6F136}.Development|x64.Build.0 = Development
		{9F426B6C-7C92-4E23-94DF-F32E58D6F136}.Development|x86.ActiveCfg = Development
		{9F426B6C-7C92-4E23-94DF-F32E58D6F136}.Development|x86.Build.0 = Development
		{9F426B6C-7C92-4E23-94DF-F32E58D6F136}.Release|Any CPU.ActiveCfg = Development
		{9F426B6C-7C92-4E23-94DF-F32E58D6F136}.Release|Any CPU.Build.0 = Development
		{9F426B6C-7C92-4E23-94DF-F32E58D6F136}.Release|x64.ActiveCfg = Development
		{9F426B6C-7C92-4E23-94DF-F32E58D6F136}.Release|x64.Build.0 = Development
		{9F426B6C-7C92-4E23-94DF-F32E58D6F136}.Release|x86.ActiveCfg = Development
		{9F426B6C-7C92-4E23-94DF-F32E58D6F136}.Release|x86.Build.0 = Development
		{B6F850C1-FB9E-4635-8D25-9BADB39954BB}.Debug|Any CPU.ActiveCfg = Development
		{B6F850C1-FB9E-4635-8D25-9BADB39954BB}.Debug|Any CPU.Build.0 = Development
		{B6F850C1-FB9E-4635-8D25-9BADB39954BB}.Debug|x64.ActiveCfg = Development
		{B6F850C1-FB9E-4635-8D25-9BADB39954BB}.Debug|x64.Build.0 = Development
		{B6F850C1-FB9E-4635-8D25-9BADB39954BB}.Debug|x86.ActiveCfg = Development
		{B6F850C1-FB9E-4635-8D25-9BADB39954BB}.Debug|x86.Build.0 = Development
		{B6F850C1-FB9E-4635-8D25-9BADB39954BB}.Development|Any CPU.ActiveCfg = Development
		{B6F850C1-FB9E-4635-8D25-9BADB39954BB}.Development|Any CPU.Build.0 = Development
		{B6F850C1-FB9E-4635-8D25-9BADB39954BB}.Development|x64.ActiveCfg = Development
		{B6F850C1-FB9E-4635-8D25-9BADB39954BB}.Development|x64.Build.0 = Development
		{B6F850C1-FB9E-4635-8D25-9BADB39954BB}.Development|x86.ActiveCfg = Development
		{B6F850C1-FB9E-4635-8D25-9BADB39954BB}.Development|x86.Build.0 = Development
		{B6F850C1-FB9E-4635-8D25-9BADB39954BB}.Release|Any CPU.ActiveCfg = Development
		{B6F850C1-FB9E-4635-8D25-9BADB39954BB}.Release|Any CPU.Build.0 = Development
		{B6F850C1-FB9E-4635-8D25-9BADB39954BB}.Release|x64.ActiveCfg = Development
		{B6F850C1-FB9E-4635-8D25-9BADB39954BB}.Release|x64.Build.0 = Development
		{B6F850C1-FB9E-4635-8D25-9BADB39954BB}.Release|x86.ActiveCfg = Development
		{B6F850C1-FB9E-4635-8D25-9BADB39954BB}.Release|x86.Build.0 = Development
		{18162B2A-253A-41E2-A493-B5133779F10E}.Debug|Any CPU.ActiveCfg = Development
		{18162B2A-253A-41E2-A493-B5133779F10E}.Debug|Any CPU.Build.0 = Development
		{18162B2A-253A-41E2-A493-B5133779F10E}.Debug|x64.ActiveCfg = Development
		{18162B2A-253A-41E2-A493-B5133779F10E}.Debug|x64.Build.0 = Development
		{18162B2A-253A-41E2-A493-B5133779F10E}.Debug|x86.ActiveCfg = Development
		{18162B2A-253A-41E2-A493-B5133779F10E}.Debug|x86.Build.0 = Development
		{18162B2A-253A-41E2-A493-B5133779F10E}.Development|Any CPU.ActiveCfg = Development
		{18162B2A-253A-41E2-A493-B5133779F10E}.Development|Any CPU.Build.0 = Development
		{18162B2A-253A-41E2-A493-B5133779F10E}.Development|x64.ActiveCfg = Development
		{18162B2A-253A-41E2-A493-B5133779F10E}.Development|x64.Build.0 = Development
		{18162B2A-253A-41E2-A493-B5133779F10E}.Development|x86.ActiveCfg = Development
		{18162B2A-253A-41E2-A493-B5133779F10E}.Development|x86.Build.0 = Development
		{18162B2A-253A-41E2-A493-B5133779F10E}.Release|Any CPU.ActiveCfg = Development
		{18162B2A-253A-41E2-A493-B5133779F10E}.Release|Any CPU.Build.0 = Development
		{18162B2A-253A-41E2-A493-B5133779F10E}.Release|x64.ActiveCfg = Development
		{18162B2A-253A-41E2-A493-B5133779F10E}.Release|x64.Build.0 = Development
		{18162B2A-253A-41E2-A493-B5133779F10E}.Release|x86.ActiveCfg = Development
		{18162B2A-253A-41E2-A493-B5133779F10E}.Release|x86.Build.0 = Development
		{BF0EA483-2D9A-4A28-AD73-DC5FFAFCE59D}.Debug|Any CPU.ActiveCfg = Development
		{BF0EA483-2D9A-4A28-AD73-DC5FFAFCE59D}.Debug|Any CPU.Build.0 = Development
		{BF0EA483-2D9A-4A28-AD73-DC5FFAFCE59D}.Debug|x64.ActiveCfg = Development
		{BF0EA483-2D9A-4A28-AD73-DC5FFAFCE59D}.Debug|x64.Build.0 = Development
		{BF0EA483-2D9A-4A28-AD73-DC5FFAFCE59D}.Debug|x86.ActiveCfg = Development
		{BF0EA483-2D9A-4A28-AD73-DC5FFAFCE59D}.Debug|x86.Build.0 = Development
		{BF0EA483-2D9A-4A28-AD73-DC5FFAFCE59D}.Development|Any CPU.ActiveCfg = Development
		{BF0EA483-2D9A-4A28-AD73-DC5FFAFCE59D}.Development|Any CPU.Build.0 = Development
		{BF0EA483-2D9A-4A28-AD73-DC5FFAFCE59D}.Development|x64.ActiveCfg = Development
		{BF0EA483-2D9A-4A28-AD73-DC5FFAFCE59D}.Development|x64.Build.0 = Development
		{BF0EA483-2D9A-4A28-AD73-DC5FFAFCE59D}.Development|x86.ActiveCfg = Development
		{BF0EA483-2D9A-4A28-AD73-DC5FFAFCE59D}.Development|x86.Build.0 = Development
		{BF0EA483-2D9A-4A28-AD73-DC5FFAFCE59D}.Release|Any CPU.ActiveCfg = Development
		{BF0EA483-2D9A-4A28-AD73-DC5FFAFCE59D}.Release|Any CPU.Build.0 = Development
		{BF0EA483-2D9A-4A28-AD73-DC5FFAFCE59D}.Release|x64.ActiveCfg = Development
		{BF0EA483-2D9A-4A28-AD73-DC5FFAFCE59D}.Release|x64.Build.0 = Development
		{BF0EA483-2D9A-4A28-AD73-DC5FFAFCE59D}.Release|x86.ActiveCfg = Development
		{BF0EA483-2D9A-4A28-AD73-DC5FFAFCE59D}.Release|x86.Build.0 = Development
		{4173DFCA-919B-4A75-B3B2-E3C16EA4438B}.Debug|Any CPU.ActiveCfg = Debug|Any CPU
		{4173DFCA-919B-4A75-B3B2-E3C16EA4438B}.Debug|Any CPU.Build.0 = Debug|Any CPU
		{4173DFCA-919B-4A75-B3B2-E3C16EA4438B}.Debug|Any CPU.Deploy.0 = Debug|Any CPU
		{4173DFCA-919B-4A75-B3B2-E3C16EA4438B}.Debug|x64.ActiveCfg = Debug|Any CPU
		{4173DFCA-919B-4A75-B3B2-E3C16EA4438B}.Debug|x64.Build.0 = Debug|Any CPU
		{4173DFCA-919B-4A75-B3B2-E3C16EA4438B}.Debug|x64.Deploy.0 = Debug|Any CPU
		{4173DFCA-919B-4A75-B3B2-E3C16EA4438B}.Debug|x86.ActiveCfg = Debug|Any CPU
		{4173DFCA-919B-4A75-B3B2-E3C16EA4438B}.Debug|x86.Build.0 = Debug|Any CPU
		{4173DFCA-919B-4A75-B3B2-E3C16EA4438B}.Debug|x86.Deploy.0 = Debug|Any CPU
		{4173DFCA-919B-4A75-B3B2-E3C16EA4438B}.Development|Any CPU.ActiveCfg = Debug|Any CPU
		{4173DFCA-919B-4A75-B3B2-E3C16EA4438B}.Development|Any CPU.Build.0 = Debug|Any CPU
		{4173DFCA-919B-4A75-B3B2-E3C16EA4438B}.Development|Any CPU.Deploy.0 = Debug|Any CPU
		{4173DFCA-919B-4A75-B3B2-E3C16EA4438B}.Development|x64.ActiveCfg = Debug|Any CPU
		{4173DFCA-919B-4A75-B3B2-E3C16EA4438B}.Development|x64.Build.0 = Debug|Any CPU
		{4173DFCA-919B-4A75-B3B2-E3C16EA4438B}.Development|x64.Deploy.0 = Debug|Any CPU
		{4173DFCA-919B-4A75-B3B2-E3C16EA4438B}.Development|x86.ActiveCfg = Debug|Any CPU
		{4173DFCA-919B-4A75-B3B2-E3C16EA4438B}.Development|x86.Build.0 = Debug|Any CPU
		{4173DFCA-919B-4A75-B3B2-E3C16EA4438B}.Development|x86.Deploy.0 = Debug|Any CPU
		{4173DFCA-919B-4A75-B3B2-E3C16EA4438B}.Release|Any CPU.ActiveCfg = Release|Any CPU
		{4173DFCA-919B-4A75-B3B2-E3C16EA4438B}.Release|Any CPU.Build.0 = Release|Any CPU
		{4173DFCA-919B-4A75-B3B2-E3C16EA4438B}.Release|Any CPU.Deploy.0 = Release|Any CPU
		{4173DFCA-919B-4A75-B3B2-E3C16EA4438B}.Release|x64.ActiveCfg = Release|Any CPU
		{4173DFCA-919B-4A75-B3B2-E3C16EA4438B}.Release|x64.Build.0 = Release|Any CPU
		{4173DFCA-919B-4A75-B3B2-E3C16EA4438B}.Release|x64.Deploy.0 = Release|Any CPU
		{4173DFCA-919B-4A75-B3B2-E3C16EA4438B}.Release|x86.ActiveCfg = Release|Any CPU
		{4173DFCA-919B-4A75-B3B2-E3C16EA4438B}.Release|x86.Build.0 = Release|Any CPU
		{4173DFCA-919B-4A75-B3B2-E3C16EA4438B}.Release|x86.Deploy.0 = Release|Any CPU
		{27FA6040-F162-4C2C-9AF2-64E1FB717B61}.Debug|Any CPU.ActiveCfg = Development
		{27FA6040-F162-4C2C-9AF2-64E1FB717B61}.Debug|Any CPU.Build.0 = Development
		{27FA6040-F162-4C2C-9AF2-64E1FB717B61}.Debug|x64.ActiveCfg = Development
		{27FA6040-F162-4C2C-9AF2-64E1FB717B61}.Debug|x64.Build.0 = Development
		{27FA6040-F162-4C2C-9AF2-64E1FB717B61}.Debug|x86.ActiveCfg = Development
		{27FA6040-F162-4C2C-9AF2-64E1FB717B61}.Debug|x86.Build.0 = Development
		{27FA6040-F162-4C2C-9AF2-64E1FB717B61}.Development|Any CPU.ActiveCfg = Development
		{27FA6040-F162-4C2C-9AF2-64E1FB717B61}.Development|Any CPU.Build.0 = Development
		{27FA6040-F162-4C2C-9AF2-64E1FB717B61}.Development|x64.ActiveCfg = Development
		{27FA6040-F162-4C2C-9AF2-64E1FB717B61}.Development|x64.Build.0 = Development
		{27FA6040-F162-4C2C-9AF2-64E1FB717B61}.Development|x86.ActiveCfg = Development
		{27FA6040-F162-4C2C-9AF2-64E1FB717B61}.Development|x86.Build.0 = Development
		{27FA6040-F162-4C2C-9AF2-64E1FB717B61}.Release|Any CPU.ActiveCfg = Development
		{27FA6040-F162-4C2C-9AF2-64E1FB717B61}.Release|Any CPU.Build.0 = Development
		{27FA6040-F162-4C2C-9AF2-64E1FB717B61}.Release|x64.ActiveCfg = Development
		{27FA6040-F162-4C2C-9AF2-64E1FB717B61}.Release|x64.Build.0 = Development
		{27FA6040-F162-4C2C-9AF2-64E1FB717B61}.Release|x86.ActiveCfg = Development
		{27FA6040-F162-4C2C-9AF2-64E1FB717B61}.Release|x86.Build.0 = Development
		{E04CA8E2-8285-4965-AEA7-87F4D0E94954}.Debug|Any CPU.ActiveCfg = Development
		{E04CA8E2-8285-4965-AEA7-87F4D0E94954}.Debug|Any CPU.Build.0 = Development
		{E04CA8E2-8285-4965-AEA7-87F4D0E94954}.Debug|x64.ActiveCfg = Development
		{E04CA8E2-8285-4965-AEA7-87F4D0E94954}.Debug|x64.Build.0 = Development
		{E04CA8E2-8285-4965-AEA7-87F4D0E94954}.Debug|x86.ActiveCfg = Development
		{E04CA8E2-8285-4965-AEA7-87F4D0E94954}.Debug|x86.Build.0 = Development
		{E04CA8E2-8285-4965-AEA7-87F4D0E94954}.Development|Any CPU.ActiveCfg = Development
		{E04CA8E2-8285-4965-AEA7-87F4D0E94954}.Development|Any CPU.Build.0 = Development
		{E04CA8E2-8285-4965-AEA7-87F4D0E94954}.Development|x64.ActiveCfg = Development
		{E04CA8E2-8285-4965-AEA7-87F4D0E94954}.Development|x64.Build.0 = Development
		{E04CA8E2-8285-4965-AEA7-87F4D0E94954}.Development|x86.ActiveCfg = Development
		{E04CA8E2-8285-4965-AEA7-87F4D0E94954}.Development|x86.Build.0 = Development
		{E04CA8E2-8285-4965-AEA7-87F4D0E94954}.Release|Any CPU.ActiveCfg = Development
		{E04CA8E2-8285-4965-AEA7-87F4D0E94954}.Release|Any CPU.Build.0 = Development
		{E04CA8E2-8285-4965-AEA7-87F4D0E94954}.Release|x64.ActiveCfg = Development
		{E04CA8E2-8285-4965-AEA7-87F4D0E94954}.Release|x64.Build.0 = Development
		{E04CA8E2-8285-4965-AEA7-87F4D0E94954}.Release|x86.ActiveCfg = Development
		{E04CA8E2-8285-4965-AEA7-87F4D0E94954}.Release|x86.Build.0 = Development
	EndGlobalSection
	GlobalSection(SolutionProperties) = preSolution
		HideSolutionNode = FALSE
	EndGlobalSection
	GlobalSection(ExtensibilityGlobals) = postSolution
		SolutionGuid = {D2A59952-8B36-4A97-B273-6D2CC02143B4}
	EndGlobalSection
EndGlobal
